// !$*UTF8*$!
{
	archiveVersion = 1;
	classes = {
	};
	objectVersion = 46;
	objects = {

/* Begin PBXBuildFile section */
		2C6C318519097D2F00B3861B /* Foundation.framework in Frameworks */ = {isa = PBXBuildFile; fileRef = 2C6C318419097D2F00B3861B /* Foundation.framework */; };
		2C6C318719097D2F00B3861B /* CoreGraphics.framework in Frameworks */ = {isa = PBXBuildFile; fileRef = 2C6C318619097D2F00B3861B /* CoreGraphics.framework */; };
		2C6C318919097D2F00B3861B /* UIKit.framework in Frameworks */ = {isa = PBXBuildFile; fileRef = 2C6C318819097D2F00B3861B /* UIKit.framework */; };
		2C6C318F19097D2F00B3861B /* InfoPlist.strings in Resources */ = {isa = PBXBuildFile; fileRef = 2C6C318D19097D2F00B3861B /* InfoPlist.strings */; };
		2C6C319119097D2F00B3861B /* main.m in Sources */ = {isa = PBXBuildFile; fileRef = 2C6C319019097D2F00B3861B /* main.m */; };
		2C6C319519097D2F00B3861B /* OBJAppDelegate.m in Sources */ = {isa = PBXBuildFile; fileRef = 2C6C319419097D2F00B3861B /* OBJAppDelegate.m */; };
		2C6C319719097D2F00B3861B /* Images.xcassets in Resources */ = {isa = PBXBuildFile; fileRef = 2C6C319619097D2F00B3861B /* Images.xcassets */; };
		2C6C319E19097D2F00B3861B /* XCTest.framework in Frameworks */ = {isa = PBXBuildFile; fileRef = 2C6C319D19097D2F00B3861B /* XCTest.framework */; };
		2C6C319F19097D2F00B3861B /* Foundation.framework in Frameworks */ = {isa = PBXBuildFile; fileRef = 2C6C318419097D2F00B3861B /* Foundation.framework */; };
		2C6C31A019097D2F00B3861B /* UIKit.framework in Frameworks */ = {isa = PBXBuildFile; fileRef = 2C6C318819097D2F00B3861B /* UIKit.framework */; };
		2C6C31A819097D2F00B3861B /* InfoPlist.strings in Resources */ = {isa = PBXBuildFile; fileRef = 2C6C31A619097D2F00B3861B /* InfoPlist.strings */; };
		2C6C31AA19097D2F00B3861B /* ObjectiveCTests.m in Sources */ = {isa = PBXBuildFile; fileRef = 2C6C31A919097D2F00B3861B /* ObjectiveCTests.m */; };
		2C6C31B5190982E300B3861B /* OBJMiPrimerObjeto.m in Sources */ = {isa = PBXBuildFile; fileRef = 2C6C31B4190982E300B3861B /* OBJMiPrimerObjeto.m */; };
/* End PBXBuildFile section */

/* Begin PBXContainerItemProxy section */
		2C6C31A119097D2F00B3861B /* PBXContainerItemProxy */ = {
			isa = PBXContainerItemProxy;
			containerPortal = 2C6C317919097D2F00B3861B /* Project object */;
			proxyType = 1;
			remoteGlobalIDString = 2C6C318019097D2F00B3861B;
			remoteInfo = ObjectiveC;
		};
/* End PBXContainerItemProxy section */

/* Begin PBXFileReference section */
		2C6C318119097D2F00B3861B /* ObjectiveC.app */ = {isa = PBXFileReference; explicitFileType = wrapper.application; includeInIndex = 0; path = ObjectiveC.app; sourceTree = BUILT_PRODUCTS_DIR; };
		2C6C318419097D2F00B3861B /* Foundation.framework */ = {isa = PBXFileReference; lastKnownFileType = wrapper.framework; name = Foundation.framework; path = System/Library/Frameworks/Foundation.framework; sourceTree = SDKROOT; };
		2C6C318619097D2F00B3861B /* CoreGraphics.framework */ = {isa = PBXFileReference; lastKnownFileType = wrapper.framework; name = CoreGraphics.framework; path = System/Library/Frameworks/CoreGraphics.framework; sourceTree = SDKROOT; };
		2C6C318819097D2F00B3861B /* UIKit.framework */ = {isa = PBXFileReference; lastKnownFileType = wrapper.framework; name = UIKit.framework; path = System/Library/Frameworks/UIKit.framework; sourceTree = SDKROOT; };
		2C6C318C19097D2F00B3861B /* ObjectiveC-Info.plist */ = {isa = PBXFileReference; lastKnownFileType = text.plist.xml; path = "ObjectiveC-Info.plist"; sourceTree = "<group>"; };
		2C6C318E19097D2F00B3861B /* en */ = {isa = PBXFileReference; lastKnownFileType = text.plist.strings; name = en; path = en.lproj/InfoPlist.strings; sourceTree = "<group>"; };
		2C6C319019097D2F00B3861B /* main.m */ = {isa = PBXFileReference; lastKnownFileType = sourcecode.c.objc; path = main.m; sourceTree = "<group>"; };
		2C6C319219097D2F00B3861B /* ObjectiveC-Prefix.pch */ = {isa = PBXFileReference; lastKnownFileType = sourcecode.c.h; path = "ObjectiveC-Prefix.pch"; sourceTree = "<group>"; };
		2C6C319319097D2F00B3861B /* OBJAppDelegate.h */ = {isa = PBXFileReference; lastKnownFileType = sourcecode.c.h; path = OBJAppDelegate.h; sourceTree = "<group>"; };
		2C6C319419097D2F00B3861B /* OBJAppDelegate.m */ = {isa = PBXFileReference; lastKnownFileType = sourcecode.c.objc; path = OBJAppDelegate.m; sourceTree = "<group>"; };
		2C6C319619097D2F00B3861B /* Images.xcassets */ = {isa = PBXFileReference; lastKnownFileType = folder.assetcatalog; path = Images.xcassets; sourceTree = "<group>"; };
		2C6C319C19097D2F00B3861B /* ObjectiveCTests.xctest */ = {isa = PBXFileReference; explicitFileType = wrapper.cfbundle; includeInIndex = 0; path = ObjectiveCTests.xctest; sourceTree = BUILT_PRODUCTS_DIR; };
		2C6C319D19097D2F00B3861B /* XCTest.framework */ = {isa = PBXFileReference; lastKnownFileType = wrapper.framework; name = XCTest.framework; path = Library/Frameworks/XCTest.framework; sourceTree = DEVELOPER_DIR; };
		2C6C31A519097D2F00B3861B /* ObjectiveCTests-Info.plist */ = {isa = PBXFileReference; lastKnownFileType = text.plist.xml; path = "ObjectiveCTests-Info.plist"; sourceTree = "<group>"; };
		2C6C31A719097D2F00B3861B /* en */ = {isa = PBXFileReference; lastKnownFileType = text.plist.strings; name = en; path = en.lproj/InfoPlist.strings; sourceTree = "<group>"; };
		2C6C31A919097D2F00B3861B /* ObjectiveCTests.m */ = {isa = PBXFileReference; lastKnownFileType = sourcecode.c.objc; path = ObjectiveCTests.m; sourceTree = "<group>"; };
		2C6C31B3190982E300B3861B /* OBJMiPrimerObjeto.h */ = {isa = PBXFileReference; fileEncoding = 4; lastKnownFileType = sourcecode.c.h; path = OBJMiPrimerObjeto.h; sourceTree = "<group>"; };
		2C6C31B4190982E300B3861B /* OBJMiPrimerObjeto.m */ = {isa = PBXFileReference; fileEncoding = 4; lastKnownFileType = sourcecode.c.objc; path = OBJMiPrimerObjeto.m; sourceTree = "<group>"; };
/* End PBXFileReference section */

/* Begin PBXFrameworksBuildPhase section */
		2C6C317E19097D2F00B3861B /* Frameworks */ = {
			isa = PBXFrameworksBuildPhase;
			buildActionMask = 2147483647;
			files = (
				2C6C318719097D2F00B3861B /* CoreGraphics.framework in Frameworks */,
				2C6C318919097D2F00B3861B /* UIKit.framework in Frameworks */,
				2C6C318519097D2F00B3861B /* Foundation.framework in Frameworks */,
			);
			runOnlyForDeploymentPostprocessing = 0;
		};
		2C6C319919097D2F00B3861B /* Frameworks */ = {
			isa = PBXFrameworksBuildPhase;
			buildActionMask = 2147483647;
			files = (
				2C6C319E19097D2F00B3861B /* XCTest.framework in Frameworks */,
				2C6C31A019097D2F00B3861B /* UIKit.framework in Frameworks */,
				2C6C319F19097D2F00B3861B /* Foundation.framework in Frameworks */,
			);
			runOnlyForDeploymentPostprocessing = 0;
		};
/* End PBXFrameworksBuildPhase section */

/* Begin PBXGroup section */
		2C6C317819097D2F00B3861B = {
			isa = PBXGroup;
			children = (
				2C6C318A19097D2F00B3861B /* ObjectiveC */,
				2C6C31A319097D2F00B3861B /* ObjectiveCTests */,
				2C6C318319097D2F00B3861B /* Frameworks */,
				2C6C318219097D2F00B3861B /* Products */,
			);
			sourceTree = "<group>";
		};
		2C6C318219097D2F00B3861B /* Products */ = {
			isa = PBXGroup;
			children = (
				2C6C318119097D2F00B3861B /* ObjectiveC.app */,
				2C6C319C19097D2F00B3861B /* ObjectiveCTests.xctest */,
			);
			name = Products;
			sourceTree = "<group>";
		};
		2C6C318319097D2F00B3861B /* Frameworks */ = {
			isa = PBXGroup;
			children = (
				2C6C318419097D2F00B3861B /* Foundation.framework */,
				2C6C318619097D2F00B3861B /* CoreGraphics.framework */,
				2C6C318819097D2F00B3861B /* UIKit.framework */,
				2C6C319D19097D2F00B3861B /* XCTest.framework */,
			);
			name = Frameworks;
			sourceTree = "<group>";
		};
		2C6C318A19097D2F00B3861B /* ObjectiveC */ = {
			isa = PBXGroup;
			children = (
				2C6C319319097D2F00B3861B /* OBJAppDelegate.h */,
				2C6C319419097D2F00B3861B /* OBJAppDelegate.m */,
				2C6C319619097D2F00B3861B /* Images.xcassets */,
				2C6C318B19097D2F00B3861B /* Supporting Files */,
				2C6C31B3190982E300B3861B /* OBJMiPrimerObjeto.h */,
				2C6C31B4190982E300B3861B /* OBJMiPrimerObjeto.m */,
			);
			path = ObjectiveC;
			sourceTree = "<group>";
		};
		2C6C318B19097D2F00B3861B /* Supporting Files */ = {
			isa = PBXGroup;
			children = (
				2C6C318C19097D2F00B3861B /* ObjectiveC-Info.plist */,
				2C6C318D19097D2F00B3861B /* InfoPlist.strings */,
				2C6C319019097D2F00B3861B /* main.m */,
				2C6C319219097D2F00B3861B /* ObjectiveC-Prefix.pch */,
			);
			name = "Supporting Files";
			sourceTree = "<group>";
		};
		2C6C31A319097D2F00B3861B /* ObjectiveCTests */ = {
			isa = PBXGroup;
			children = (
				2C6C31A919097D2F00B3861B /* ObjectiveCTests.m */,
				2C6C31A419097D2F00B3861B /* Supporting Files */,
			);
			path = ObjectiveCTests;
			sourceTree = "<group>";
		};
		2C6C31A419097D2F00B3861B /* Supporting Files */ = {
			isa = PBXGroup;
			children = (
				2C6C31A519097D2F00B3861B /* ObjectiveCTests-Info.plist */,
				2C6C31A619097D2F00B3861B /* InfoPlist.strings */,
			);
			name = "Supporting Files";
			sourceTree = "<group>";
		};
/* End PBXGroup section */

/* Begin PBXNativeTarget section */
		2C6C318019097D2F00B3861B /* ObjectiveC */ = {
			isa = PBXNativeTarget;
			buildConfigurationList = 2C6C31AD19097D2F00B3861B /* Build configuration list for PBXNativeTarget "ObjectiveC" */;
			buildPhases = (
				2C6C317D19097D2F00B3861B /* Sources */,
				2C6C317E19097D2F00B3861B /* Frameworks */,
				2C6C317F19097D2F00B3861B /* Resources */,
			);
			buildRules = (
			);
			dependencies = (
			);
			name = ObjectiveC;
			productName = ObjectiveC;
			productReference = 2C6C318119097D2F00B3861B /* ObjectiveC.app */;
			productType = "com.apple.product-type.application";
		};
		2C6C319B19097D2F00B3861B /* ObjectiveCTests */ = {
			isa = PBXNativeTarget;
			buildConfigurationList = 2C6C31B019097D2F00B3861B /* Build configuration list for PBXNativeTarget "ObjectiveCTests" */;
			buildPhases = (
				2C6C319819097D2F00B3861B /* Sources */,
				2C6C319919097D2F00B3861B /* Frameworks */,
				2C6C319A19097D2F00B3861B /* Resources */,
			);
			buildRules = (
			);
			dependencies = (
				2C6C31A219097D2F00B3861B /* PBXTargetDependency */,
			);
			name = ObjectiveCTests;
			productName = ObjectiveCTests;
			productReference = 2C6C319C19097D2F00B3861B /* ObjectiveCTests.xctest */;
			productType = "com.apple.product-type.bundle.unit-test";
		};
/* End PBXNativeTarget section */

/* Begin PBXProject section */
		2C6C317919097D2F00B3861B /* Project object */ = {
			isa = PBXProject;
			attributes = {
				CLASSPREFIX = OBJ;
				LastUpgradeCheck = 0510;
				ORGANIZATIONNAME = elkraneoteach;
				TargetAttributes = {
					2C6C319B19097D2F00B3861B = {
						TestTargetID = 2C6C318019097D2F00B3861B;
					};
				};
			};
			buildConfigurationList = 2C6C317C19097D2F00B3861B /* Build configuration list for PBXProject "ObjectiveC" */;
			compatibilityVersion = "Xcode 3.2";
			developmentRegion = English;
			hasScannedForEncodings = 0;
			knownRegions = (
				en,
			);
			mainGroup = 2C6C317819097D2F00B3861B;
			productRefGroup = 2C6C318219097D2F00B3861B /* Products */;
			projectDirPath = "";
			projectRoot = "";
			targets = (
				2C6C318019097D2F00B3861B /* ObjectiveC */,
				2C6C319B19097D2F00B3861B /* ObjectiveCTests */,
			);
		};
/* End PBXProject section */

/* Begin PBXResourcesBuildPhase section */
		2C6C317F19097D2F00B3861B /* Resources */ = {
			isa = PBXResourcesBuildPhase;
			buildActionMask = 2147483647;
			files = (
				2C6C318F19097D2F00B3861B /* InfoPlist.strings in Resources */,
				2C6C319719097D2F00B3861B /* Images.xcassets in Resources */,
			);
			runOnlyForDeploymentPostprocessing = 0;
		};
		2C6C319A19097D2F00B3861B /* Resources */ = {
			isa = PBXResourcesBuildPhase;
			buildActionMask = 2147483647;
			files = (
				2C6C31A819097D2F00B3861B /* InfoPlist.strings in Resources */,
			);
			runOnlyForDeploymentPostprocessing = 0;
		};
/* End PBXResourcesBuildPhase section */

/* Begin PBXSourcesBuildPhase section */
		2C6C317D19097D2F00B3861B /* Sources */ = {
			isa = PBXSourcesBuildPhase;
			buildActionMask = 2147483647;
			files = (
				2C6C319519097D2F00B3861B /* OBJAppDelegate.m in Sources */,
				2C6C319119097D2F00B3861B /* main.m in Sources */,
				2C6C31B5190982E300B3861B /* OBJMiPrimerObjeto.m in Sources */,
			);
			runOnlyForDeploymentPostprocessing = 0;
		};
		2C6C319819097D2F00B3861B /* Sources */ = {
			isa = PBXSourcesBuildPhase;
			buildActionMask = 2147483647;
			files = (
				2C6C31AA19097D2F00B3861B /* ObjectiveCTests.m in Sources */,
			);
			runOnlyForDeploymentPostprocessing = 0;
		};
/* End PBXSourcesBuildPhase section */

/* Begin PBXTargetDependency section */
		2C6C31A219097D2F00B3861B /* PBXTargetDependency */ = {
			isa = PBXTargetDependency;
			target = 2C6C318019097D2F00B3861B /* ObjectiveC */;
			targetProxy = 2C6C31A119097D2F00B3861B /* PBXContainerItemProxy */;
		};
/* End PBXTargetDependency section */

/* Begin PBXVariantGroup section */
		2C6C318D19097D2F00B3861B /* InfoPlist.strings */ = {
			isa = PBXVariantGroup;
			children = (
				2C6C318E19097D2F00B3861B /* en */,
			);
			name = InfoPlist.strings;
			sourceTree = "<group>";
		};
		2C6C31A619097D2F00B3861B /* InfoPlist.strings */ = {
			isa = PBXVariantGroup;
			children = (
				2C6C31A719097D2F00B3861B /* en */,
			);
			name = InfoPlist.strings;
			sourceTree = "<group>";
		};
/* End PBXVariantGroup section */

/* Begin XCBuildConfiguration section */
		2C6C31AB19097D2F00B3861B /* Debug */ = {
			isa = XCBuildConfiguration;
			buildSettings = {
				ALWAYS_SEARCH_USER_PATHS = NO;
				CLANG_CXX_LANGUAGE_STANDARD = "gnu++0x";
				CLANG_CXX_LIBRARY = "libc++";
				CLANG_ENABLE_MODULES = YES;
				CLANG_ENABLE_OBJC_ARC = YES;
				CLANG_WARN_BOOL_CONVERSION = YES;
				CLANG_WARN_CONSTANT_CONVERSION = YES;
				CLANG_WARN_DIRECT_OBJC_ISA_USAGE = YES_ERROR;
				CLANG_WARN_EMPTY_BODY = YES;
				CLANG_WARN_ENUM_CONVERSION = YES;
				CLANG_WARN_INT_CONVERSION = YES;
				CLANG_WARN_OBJC_ROOT_CLASS = YES_ERROR;
				CLANG_WARN__DUPLICATE_METHOD_MATCH = YES;
				"CODE_SIGN_IDENTITY[sdk=iphoneos*]" = "iPhone Developer";
				COPY_PHASE_STRIP = NO;
				GCC_C_LANGUAGE_STANDARD = gnu99;
				GCC_DYNAMIC_NO_PIC = NO;
				GCC_OPTIMIZATION_LEVEL = 0;
				GCC_PREPROCESSOR_DEFINITIONS = (
					"DEBUG=1",
					"$(inherited)",
				);
				GCC_SYMBOLS_PRIVATE_EXTERN = NO;
				GCC_WARN_64_TO_32_BIT_CONVERSION = YES;
				GCC_WARN_ABOUT_RETURN_TYPE = YES_ERROR;
				GCC_WARN_UNDECLARED_SELECTOR = YES;
				GCC_WARN_UNINITIALIZED_AUTOS = YES_AGGRESSIVE;
				GCC_WARN_UNUSED_FUNCTION = YES;
				GCC_WARN_UNUSED_VARIABLE = YES;
				IPHONEOS_DEPLOYMENT_TARGET = 7.1;
				ONLY_ACTIVE_ARCH = YES;
				SDKROOT = iphoneos;
			};
			name = Debug;
		};
		2C6C31AC19097D2F00B3861B /* Release */ = {
			isa = XCBuildConfiguration;
			buildSettings = {
				ALWAYS_SEARCH_USER_PATHS = NO;
				CLANG_CXX_LANGUAGE_STANDARD = "gnu++0x";
				CLANG_CXX_LIBRARY = "libc++";
				CLANG_ENABLE_MODULES = YES;
				CLANG_ENABLE_OBJC_ARC = YES;
				CLANG_WARN_BOOL_CONVERSION = YES;
				CLANG_WARN_CONSTANT_CONVERSION = YES;
				CLANG_WARN_DIRECT_OBJC_ISA_USAGE = YES_ERROR;
				CLANG_WARN_EMPTY_BODY = YES;
				CLANG_WARN_ENUM_CONVERSION = YES;
				CLANG_WARN_INT_CONVERSION = YES;
				CLANG_WARN_OBJC_ROOT_CLASS = YES_ERROR;
				CLANG_WARN__DUPLICATE_METHOD_MATCH = YES;
				"CODE_SIGN_IDENTITY[sdk=iphoneos*]" = "iPhone Developer";
				COPY_PHASE_STRIP = YES;
				ENABLE_NS_ASSERTIONS = NO;
				GCC_C_LANGUAGE_STANDARD = gnu99;
				GCC_WARN_64_TO_32_BIT_CONVERSION = YES;
				GCC_WARN_ABOUT_RETURN_TYPE = YES_ERROR;
				GCC_WARN_UNDECLARED_SELECTOR = YES;
				GCC_WARN_UNINITIALIZED_AUTOS = YES_AGGRESSIVE;
				GCC_WARN_UNUSED_FUNCTION = YES;
				GCC_WARN_UNUSED_VARIABLE = YES;
				IPHONEOS_DEPLOYMENT_TARGET = 7.1;
				SDKROOT = iphoneos;
				VALIDATE_PRODUCT = YES;
			};
			name = Release;
		};
		2C6C31AE19097D2F00B3861B /* Debug */ = {
			isa = XCBuildConfiguration;
			buildSettings = {
				ASSETCATALOG_COMPILER_APPICON_NAME = AppIcon;
				ASSETCATALOG_COMPILER_LAUNCHIMAGE_NAME = LaunchImage;
				GCC_PRECOMPILE_PREFIX_HEADER = YES;
				GCC_PREFIX_HEADER = "ObjectiveC/ObjectiveC-Prefix.pch";
				INFOPLIST_FILE = "ObjectiveC/ObjectiveC-Info.plist";
				PRODUCT_NAME = "$(TARGET_NAME)";
				WRAPPER_EXTENSION = app;
			};
			name = Debug;
		};
		2C6C31AF19097D2F00B3861B /* Release */ = {
			isa = XCBuildConfiguration;
			buildSettings = {
				ASSETCATALOG_COMPILER_APPICON_NAME = AppIcon;
				ASSETCATALOG_COMPILER_LAUNCHIMAGE_NAME = LaunchImage;
				GCC_PRECOMPILE_PREFIX_HEADER = YES;
				GCC_PREFIX_HEADER = "ObjectiveC/ObjectiveC-Prefix.pch";
				INFOPLIST_FILE = "ObjectiveC/ObjectiveC-Info.plist";
				PRODUCT_NAME = "$(TARGET_NAME)";
				WRAPPER_EXTENSION = app;
			};
			name = Release;
		};
		2C6C31B119097D2F00B3861B /* Debug */ = {
			isa = XCBuildConfiguration;
			buildSettings = {
				BUNDLE_LOADER = "$(BUILT_PRODUCTS_DIR)/ObjectiveC.app/ObjectiveC";
				FRAMEWORK_SEARCH_PATHS = (
					"$(SDKROOT)/Developer/Library/Frameworks",
					"$(inherited)",
					"$(DEVELOPER_FRAMEWORKS_DIR)",
				);
				GCC_PRECOMPILE_PREFIX_HEADER = YES;
				GCC_PREFIX_HEADER = "ObjectiveC/ObjectiveC-Prefix.pch";
				GCC_PREPROCESSOR_DEFINITIONS = (
					"DEBUG=1",
					"$(inherited)",
				);
				INFOPLIST_FILE = "ObjectiveCTests/ObjectiveCTests-Info.plist";
				PRODUCT_NAME = "$(TARGET_NAME)";
				TEST_HOST = "$(BUNDLE_LOADER)";
				WRAPPER_EXTENSION = xctest;
			};
			name = Debug;
		};
		2C6C31B219097D2F00B3861B /* Release */ = {
			isa = XCBuildConfiguration;
			buildSettings = {
				BUNDLE_LOADER = "$(BUILT_PRODUCTS_DIR)/ObjectiveC.app/ObjectiveC";
				FRAMEWORK_SEARCH_PATHS = (
					"$(SDKROOT)/Developer/Library/Frameworks",
					"$(inherited)",
					"$(DEVELOPER_FRAMEWORKS_DIR)",
				);
				GCC_PRECOMPILE_PREFIX_HEADER = YES;
				GCC_PREFIX_HEADER = "ObjectiveC/ObjectiveC-Prefix.pch";
				INFOPLIST_FILE = "ObjectiveCTests/ObjectiveCTests-Info.plist";
				PRODUCT_NAME = "$(TARGET_NAME)";
				TEST_HOST = "$(BUNDLE_LOADER)";
				WRAPPER_EXTENSION = xctest;
			};
			name = Release;
		};
/* End XCBuildConfiguration section */

/* Begin XCConfigurationList section */
		2C6C317C19097D2F00B3861B /* Build configuration list for PBXProject "ObjectiveC" */ = {
			isa = XCConfigurationList;
			buildConfigurations = (
				2C6C31AB19097D2F00B3861B /* Debug */,
				2C6C31AC19097D2F00B3861B /* Release */,
			);
			defaultConfigurationIsVisible = 0;
			defaultConfigurationName = Release;
		};
		2C6C31AD19097D2F00B3861B /* Build configuration list for PBXNativeTarget "ObjectiveC" */ = {
			isa = XCConfigurationList;
			buildConfigurations = (
				2C6C31AE19097D2F00B3861B /* Debug */,
				2C6C31AF19097D2F00B3861B /* Release */,
			);
			defaultConfigurationIsVisible = 0;
		};
		2C6C31B019097D2F00B3861B /* Build configuration list for PBXNativeTarget "ObjectiveCTests" */ = {
			isa = XCConfigurationList;
			buildConfigurations = (
				2C6C31B119097D2F00B3861B /* Debug */,
				2C6C31B219097D2F00B3861B /* Release */,
			);
			defaultConfigurationIsVisible = 0;
		};
/* End XCConfigurationList section */
	};
	rootObject = 2C6C317919097D2F00B3861B /* Project object */;
}
