// !$*UTF8*$!
{
	archiveVersion = 1;
	classes = {
	};
	objectVersion = 46;
	objects = {

/* Begin PBXBuildFile section */
		2C117C76192E8862003A926A /* HeaderView.xib in Resources */ = {isa = PBXBuildFile; fileRef = 2C117C75192E8862003A926A /* HeaderView.xib */; };
		2C2CDA201935046A00A73FD1 /* MPADetailViewController.m in Sources */ = {isa = PBXBuildFile; fileRef = 2C2CDA1E1935046A00A73FD1 /* MPADetailViewController.m */; };
		2C2CDA211935046A00A73FD1 /* MPADetailViewController.xib in Resources */ = {isa = PBXBuildFile; fileRef = 2C2CDA1F1935046A00A73FD1 /* MPADetailViewController.xib */; };
		2C505DCA192BD5F4009B793D /* Foundation.framework in Frameworks */ = {isa = PBXBuildFile; fileRef = 2C505DC9192BD5F4009B793D /* Foundation.framework */; };
		2C505DCC192BD5F4009B793D /* CoreGraphics.framework in Frameworks */ = {isa = PBXBuildFile; fileRef = 2C505DCB192BD5F4009B793D /* CoreGraphics.framework */; };
		2C505DCE192BD5F4009B793D /* UIKit.framework in Frameworks */ = {isa = PBXBuildFile; fileRef = 2C505DCD192BD5F4009B793D /* UIKit.framework */; };
		2C505DD4192BD5F4009B793D /* InfoPlist.strings in Resources */ = {isa = PBXBuildFile; fileRef = 2C505DD2192BD5F4009B793D /* InfoPlist.strings */; };
		2C505DD6192BD5F4009B793D /* main.m in Sources */ = {isa = PBXBuildFile; fileRef = 2C505DD5192BD5F4009B793D /* main.m */; };
		2C505DDA192BD5F4009B793D /* MPAAppDelegate.m in Sources */ = {isa = PBXBuildFile; fileRef = 2C505DD9192BD5F4009B793D /* MPAAppDelegate.m */; };
		2C505DDC192BD5F4009B793D /* Images.xcassets in Resources */ = {isa = PBXBuildFile; fileRef = 2C505DDB192BD5F4009B793D /* Images.xcassets */; };
		2C505DE3192BD5F4009B793D /* XCTest.framework in Frameworks */ = {isa = PBXBuildFile; fileRef = 2C505DE2192BD5F4009B793D /* XCTest.framework */; };
		2C505DE4192BD5F4009B793D /* Foundation.framework in Frameworks */ = {isa = PBXBuildFile; fileRef = 2C505DC9192BD5F4009B793D /* Foundation.framework */; };
		2C505DE5192BD5F4009B793D /* UIKit.framework in Frameworks */ = {isa = PBXBuildFile; fileRef = 2C505DCD192BD5F4009B793D /* UIKit.framework */; };
		2C505DED192BD5F4009B793D /* InfoPlist.strings in Resources */ = {isa = PBXBuildFile; fileRef = 2C505DEB192BD5F4009B793D /* InfoPlist.strings */; };
		2C505DEF192BD5F4009B793D /* HomepwnerTests.m in Sources */ = {isa = PBXBuildFile; fileRef = 2C505DEE192BD5F4009B793D /* HomepwnerTests.m */; };
		2C505DFA192BD8D2009B793D /* MPAItemsTableViewController.m in Sources */ = {isa = PBXBuildFile; fileRef = 2C505DF9192BD8D2009B793D /* MPAItemsTableViewController.m */; };
		2C505DFD192BDB18009B793D /* MPAItem.m in Sources */ = {isa = PBXBuildFile; fileRef = 2C505DFC192BDB18009B793D /* MPAItem.m */; };
		2C505E00192BDCFF009B793D /* MPAItemStore.m in Sources */ = {isa = PBXBuildFile; fileRef = 2C505DFF192BDCFF009B793D /* MPAItemStore.m */; };
/* End PBXBuildFile section */

/* Begin PBXContainerItemProxy section */
		2C505DE6192BD5F4009B793D /* PBXContainerItemProxy */ = {
			isa = PBXContainerItemProxy;
			containerPortal = 2C505DBE192BD5F4009B793D /* Project object */;
			proxyType = 1;
			remoteGlobalIDString = 2C505DC5192BD5F4009B793D;
			remoteInfo = Homepwner;
		};
/* End PBXContainerItemProxy section */

/* Begin PBXFileReference section */
		2C117C75192E8862003A926A /* HeaderView.xib */ = {isa = PBXFileReference; fileEncoding = 4; lastKnownFileType = file.xib; path = HeaderView.xib; sourceTree = "<group>"; };
		2C2CDA1D1935046A00A73FD1 /* MPADetailViewController.h */ = {isa = PBXFileReference; fileEncoding = 4; lastKnownFileType = sourcecode.c.h; path = MPADetailViewController.h; sourceTree = "<group>"; };
		2C2CDA1E1935046A00A73FD1 /* MPADetailViewController.m */ = {isa = PBXFileReference; fileEncoding = 4; lastKnownFileType = sourcecode.c.objc; path = MPADetailViewController.m; sourceTree = "<group>"; };
		2C2CDA1F1935046A00A73FD1 /* MPADetailViewController.xib */ = {isa = PBXFileReference; fileEncoding = 4; lastKnownFileType = file.xib; path = MPADetailViewController.xib; sourceTree = "<group>"; };
		2C505DC6192BD5F4009B793D /* Homepwner.app */ = {isa = PBXFileReference; explicitFileType = wrapper.application; includeInIndex = 0; path = Homepwner.app; sourceTree = BUILT_PRODUCTS_DIR; };
		2C505DC9192BD5F4009B793D /* Foundation.framework */ = {isa = PBXFileReference; lastKnownFileType = wrapper.framework; name = Foundation.framework; path = System/Library/Frameworks/Foundation.framework; sourceTree = SDKROOT; };
		2C505DCB192BD5F4009B793D /* CoreGraphics.framework */ = {isa = PBXFileReference; lastKnownFileType = wrapper.framework; name = CoreGraphics.framework; path = System/Library/Frameworks/CoreGraphics.framework; sourceTree = SDKROOT; };
		2C505DCD192BD5F4009B793D /* UIKit.framework */ = {isa = PBXFileReference; lastKnownFileType = wrapper.framework; name = UIKit.framework; path = System/Library/Frameworks/UIKit.framework; sourceTree = SDKROOT; };
		2C505DD1192BD5F4009B793D /* Homepwner-Info.plist */ = {isa = PBXFileReference; lastKnownFileType = text.plist.xml; path = "Homepwner-Info.plist"; sourceTree = "<group>"; };
		2C505DD3192BD5F4009B793D /* en */ = {isa = PBXFileReference; lastKnownFileType = text.plist.strings; name = en; path = en.lproj/InfoPlist.strings; sourceTree = "<group>"; };
		2C505DD5192BD5F4009B793D /* main.m */ = {isa = PBXFileReference; lastKnownFileType = sourcecode.c.objc; path = main.m; sourceTree = "<group>"; };
		2C505DD7192BD5F4009B793D /* Homepwner-Prefix.pch */ = {isa = PBXFileReference; lastKnownFileType = sourcecode.c.h; path = "Homepwner-Prefix.pch"; sourceTree = "<group>"; };
		2C505DD8192BD5F4009B793D /* MPAAppDelegate.h */ = {isa = PBXFileReference; lastKnownFileType = sourcecode.c.h; path = MPAAppDelegate.h; sourceTree = "<group>"; };
		2C505DD9192BD5F4009B793D /* MPAAppDelegate.m */ = {isa = PBXFileReference; lastKnownFileType = sourcecode.c.objc; path = MPAAppDelegate.m; sourceTree = "<group>"; };
		2C505DDB192BD5F4009B793D /* Images.xcassets */ = {isa = PBXFileReference; lastKnownFileType = folder.assetcatalog; path = Images.xcassets; sourceTree = "<group>"; };
		2C505DE1192BD5F4009B793D /* HomepwnerTests.xctest */ = {isa = PBXFileReference; explicitFileType = wrapper.cfbundle; includeInIndex = 0; path = HomepwnerTests.xctest; sourceTree = BUILT_PRODUCTS_DIR; };
		2C505DE2192BD5F4009B793D /* XCTest.framework */ = {isa = PBXFileReference; lastKnownFileType = wrapper.framework; name = XCTest.framework; path = Library/Frameworks/XCTest.framework; sourceTree = DEVELOPER_DIR; };
		2C505DEA192BD5F4009B793D /* HomepwnerTests-Info.plist */ = {isa = PBXFileReference; lastKnownFileType = text.plist.xml; path = "HomepwnerTests-Info.plist"; sourceTree = "<group>"; };
		2C505DEC192BD5F4009B793D /* en */ = {isa = PBXFileReference; lastKnownFileType = text.plist.strings; name = en; path = en.lproj/InfoPlist.strings; sourceTree = "<group>"; };
		2C505DEE192BD5F4009B793D /* HomepwnerTests.m */ = {isa = PBXFileReference; lastKnownFileType = sourcecode.c.objc; path = HomepwnerTests.m; sourceTree = "<group>"; };
		2C505DF8192BD8D2009B793D /* MPAItemsTableViewController.h */ = {isa = PBXFileReference; fileEncoding = 4; lastKnownFileType = sourcecode.c.h; path = MPAItemsTableViewController.h; sourceTree = "<group>"; };
		2C505DF9192BD8D2009B793D /* MPAItemsTableViewController.m */ = {isa = PBXFileReference; fileEncoding = 4; lastKnownFileType = sourcecode.c.objc; path = MPAItemsTableViewController.m; sourceTree = "<group>"; };
		2C505DFB192BDB18009B793D /* MPAItem.h */ = {isa = PBXFileReference; fileEncoding = 4; lastKnownFileType = sourcecode.c.h; path = MPAItem.h; sourceTree = "<group>"; };
		2C505DFC192BDB18009B793D /* MPAItem.m */ = {isa = PBXFileReference; fileEncoding = 4; lastKnownFileType = sourcecode.c.objc; path = MPAItem.m; sourceTree = "<group>"; };
		2C505DFE192BDCFF009B793D /* MPAItemStore.h */ = {isa = PBXFileReference; fileEncoding = 4; lastKnownFileType = sourcecode.c.h; path = MPAItemStore.h; sourceTree = "<group>"; };
		2C505DFF192BDCFF009B793D /* MPAItemStore.m */ = {isa = PBXFileReference; fileEncoding = 4; lastKnownFileType = sourcecode.c.objc; path = MPAItemStore.m; sourceTree = "<group>"; };
/* End PBXFileReference section */

/* Begin PBXFrameworksBuildPhase section */
		2C505DC3192BD5F4009B793D /* Frameworks */ = {
			isa = PBXFrameworksBuildPhase;
			buildActionMask = 2147483647;
			files = (
				2C505DCC192BD5F4009B793D /* CoreGraphics.framework in Frameworks */,
				2C505DCE192BD5F4009B793D /* UIKit.framework in Frameworks */,
				2C505DCA192BD5F4009B793D /* Foundation.framework in Frameworks */,
			);
			runOnlyForDeploymentPostprocessing = 0;
		};
		2C505DDE192BD5F4009B793D /* Frameworks */ = {
			isa = PBXFrameworksBuildPhase;
			buildActionMask = 2147483647;
			files = (
				2C505DE3192BD5F4009B793D /* XCTest.framework in Frameworks */,
				2C505DE5192BD5F4009B793D /* UIKit.framework in Frameworks */,
				2C505DE4192BD5F4009B793D /* Foundation.framework in Frameworks */,
			);
			runOnlyForDeploymentPostprocessing = 0;
		};
/* End PBXFrameworksBuildPhase section */

/* Begin PBXGroup section */
		2C505DBD192BD5F4009B793D = {
			isa = PBXGroup;
			children = (
				2C505DCF192BD5F4009B793D /* Homepwner */,
				2C505DE8192BD5F4009B793D /* HomepwnerTests */,
				2C505DC8192BD5F4009B793D /* Frameworks */,
				2C505DC7192BD5F4009B793D /* Products */,
			);
			sourceTree = "<group>";
		};
		2C505DC7192BD5F4009B793D /* Products */ = {
			isa = PBXGroup;
			children = (
				2C505DC6192BD5F4009B793D /* Homepwner.app */,
				2C505DE1192BD5F4009B793D /* HomepwnerTests.xctest */,
			);
			name = Products;
			sourceTree = "<group>";
		};
		2C505DC8192BD5F4009B793D /* Frameworks */ = {
			isa = PBXGroup;
			children = (
				2C505DC9192BD5F4009B793D /* Foundation.framework */,
				2C505DCB192BD5F4009B793D /* CoreGraphics.framework */,
				2C505DCD192BD5F4009B793D /* UIKit.framework */,
				2C505DE2192BD5F4009B793D /* XCTest.framework */,
			);
			name = Frameworks;
			sourceTree = "<group>";
		};
		2C505DCF192BD5F4009B793D /* Homepwner */ = {
			isa = PBXGroup;
			children = (
				2C2CDA1D1935046A00A73FD1 /* MPADetailViewController.h */,
				2C2CDA1E1935046A00A73FD1 /* MPADetailViewController.m */,
				2C2CDA1F1935046A00A73FD1 /* MPADetailViewController.xib */,
				2C505DD8192BD5F4009B793D /* MPAAppDelegate.h */,
				2C505DD9192BD5F4009B793D /* MPAAppDelegate.m */,
				2C505DFE192BDCFF009B793D /* MPAItemStore.h */,
				2C505DFF192BDCFF009B793D /* MPAItemStore.m */,
				2C505DFB192BDB18009B793D /* MPAItem.h */,
				2C505DFC192BDB18009B793D /* MPAItem.m */,
				2C505DF8192BD8D2009B793D /* MPAItemsTableViewController.h */,
				2C505DF9192BD8D2009B793D /* MPAItemsTableViewController.m */,
				2C117C75192E8862003A926A /* HeaderView.xib */,
				2C505DDB192BD5F4009B793D /* Images.xcassets */,
				2C505DD0192BD5F4009B793D /* Supporting Files */,
			);
			path = Homepwner;
			sourceTree = "<group>";
		};
		2C505DD0192BD5F4009B793D /* Supporting Files */ = {
			isa = PBXGroup;
			children = (
				2C505DD1192BD5F4009B793D /* Homepwner-Info.plist */,
				2C505DD2192BD5F4009B793D /* InfoPlist.strings */,
				2C505DD5192BD5F4009B793D /* main.m */,
				2C505DD7192BD5F4009B793D /* Homepwner-Prefix.pch */,
			);
			name = "Supporting Files";
			sourceTree = "<group>";
		};
		2C505DE8192BD5F4009B793D /* HomepwnerTests */ = {
			isa = PBXGroup;
			children = (
				2C505DEE192BD5F4009B793D /* HomepwnerTests.m */,
				2C505DE9192BD5F4009B793D /* Supporting Files */,
			);
			path = HomepwnerTests;
			sourceTree = "<group>";
		};
		2C505DE9192BD5F4009B793D /* Supporting Files */ = {
			isa = PBXGroup;
			children = (
				2C505DEA192BD5F4009B793D /* HomepwnerTests-Info.plist */,
				2C505DEB192BD5F4009B793D /* InfoPlist.strings */,
			);
			name = "Supporting Files";
			sourceTree = "<group>";
		};
/* End PBXGroup section */

/* Begin PBXNativeTarget section */
		2C505DC5192BD5F4009B793D /* Homepwner */ = {
			isa = PBXNativeTarget;
			buildConfigurationList = 2C505DF2192BD5F4009B793D /* Build configuration list for PBXNativeTarget "Homepwner" */;
			buildPhases = (
				2C505DC2192BD5F4009B793D /* Sources */,
				2C505DC3192BD5F4009B793D /* Frameworks */,
				2C505DC4192BD5F4009B793D /* Resources */,
			);
			buildRules = (
			);
			dependencies = (
			);
			name = Homepwner;
			productName = Homepwner;
			productReference = 2C505DC6192BD5F4009B793D /* Homepwner.app */;
			productType = "com.apple.product-type.application";
		};
		2C505DE0192BD5F4009B793D /* HomepwnerTests */ = {
			isa = PBXNativeTarget;
			buildConfigurationList = 2C505DF5192BD5F4009B793D /* Build configuration list for PBXNativeTarget "HomepwnerTests" */;
			buildPhases = (
				2C505DDD192BD5F4009B793D /* Sources */,
				2C505DDE192BD5F4009B793D /* Frameworks */,
				2C505DDF192BD5F4009B793D /* Resources */,
			);
			buildRules = (
			);
			dependencies = (
				2C505DE7192BD5F4009B793D /* PBXTargetDependency */,
			);
			name = HomepwnerTests;
			productName = HomepwnerTests;
			productReference = 2C505DE1192BD5F4009B793D /* HomepwnerTests.xctest */;
			productType = "com.apple.product-type.bundle.unit-test";
		};
/* End PBXNativeTarget section */

/* Begin PBXProject section */
		2C505DBE192BD5F4009B793D /* Project object */ = {
			isa = PBXProject;
			attributes = {
				CLASSPREFIX = MPA;
				LastUpgradeCheck = 0510;
				ORGANIZATIONNAME = elkraneoteach;
				TargetAttributes = {
					2C505DE0192BD5F4009B793D = {
						TestTargetID = 2C505DC5192BD5F4009B793D;
					};
				};
			};
			buildConfigurationList = 2C505DC1192BD5F4009B793D /* Build configuration list for PBXProject "Homepwner" */;
			compatibilityVersion = "Xcode 3.2";
			developmentRegion = English;
			hasScannedForEncodings = 0;
			knownRegions = (
				en,
			);
			mainGroup = 2C505DBD192BD5F4009B793D;
			productRefGroup = 2C505DC7192BD5F4009B793D /* Products */;
			projectDirPath = "";
			projectRoot = "";
			targets = (
				2C505DC5192BD5F4009B793D /* Homepwner */,
				2C505DE0192BD5F4009B793D /* HomepwnerTests */,
			);
		};
/* End PBXProject section */

/* Begin PBXResourcesBuildPhase section */
		2C505DC4192BD5F4009B793D /* Resources */ = {
			isa = PBXResourcesBuildPhase;
			buildActionMask = 2147483647;
			files = (
				2C2CDA211935046A00A73FD1 /* MPADetailViewController.xib in Resources */,
				2C117C76192E8862003A926A /* HeaderView.xib in Resources */,
				2C505DD4192BD5F4009B793D /* InfoPlist.strings in Resources */,
				2C505DDC192BD5F4009B793D /* Images.xcassets in Resources */,
			);
			runOnlyForDeploymentPostprocessing = 0;
		};
		2C505DDF192BD5F4009B793D /* Resources */ = {
			isa = PBXResourcesBuildPhase;
			buildActionMask = 2147483647;
			files = (
				2C505DED192BD5F4009B793D /* InfoPlist.strings in Resources */,
			);
			runOnlyForDeploymentPostprocessing = 0;
		};
/* End PBXResourcesBuildPhase section */

/* Begin PBXSourcesBuildPhase section */
		2C505DC2192BD5F4009B793D /* Sources */ = {
			isa = PBXSourcesBuildPhase;
			buildActionMask = 2147483647;
			files = (
				2C505DD6192BD5F4009B793D /* main.m in Sources */,
				2C505E00192BDCFF009B793D /* MPAItemStore.m in Sources */,
				2C505DFD192BDB18009B793D /* MPAItem.m in Sources */,
				2C505DFA192BD8D2009B793D /* MPAItemsTableViewController.m in Sources */,
				2C2CDA201935046A00A73FD1 /* MPADetailViewController.m in Sources */,
				2C505DDA192BD5F4009B793D /* MPAAppDelegate.m in Sources */,
			);
			runOnlyForDeploymentPostprocessing = 0;
		};
		2C505DDD192BD5F4009B793D /* Sources */ = {
			isa = PBXSourcesBuildPhase;
			buildActionMask = 2147483647;
			files = (
				2C505DEF192BD5F4009B793D /* HomepwnerTests.m in Sources */,
			);
			runOnlyForDeploymentPostprocessing = 0;
		};
/* End PBXSourcesBuildPhase section */

/* Begin PBXTargetDependency section */
		2C505DE7192BD5F4009B793D /* PBXTargetDependency */ = {
			isa = PBXTargetDependency;
			target = 2C505DC5192BD5F4009B793D /* Homepwner */;
			targetProxy = 2C505DE6192BD5F4009B793D /* PBXContainerItemProxy */;
		};
/* End PBXTargetDependency section */

/* Begin PBXVariantGroup section */
		2C505DD2192BD5F4009B793D /* InfoPlist.strings */ = {
			isa = PBXVariantGroup;
			children = (
				2C505DD3192BD5F4009B793D /* en */,
			);
			name = InfoPlist.strings;
			sourceTree = "<group>";
		};
		2C505DEB192BD5F4009B793D /* InfoPlist.strings */ = {
			isa = PBXVariantGroup;
			children = (
				2C505DEC192BD5F4009B793D /* en */,
			);
			name = InfoPlist.strings;
			sourceTree = "<group>";
		};
/* End PBXVariantGroup section */

/* Begin XCBuildConfiguration section */
		2C505DF0192BD5F4009B793D /* Debug */ = {
			isa = XCBuildConfiguration;
			buildSettings = {
				ALWAYS_SEARCH_USER_PATHS = NO;
				CLANG_CXX_LANGUAGE_STANDARD = "gnu++0x";
				CLANG_CXX_LIBRARY = "libc++";
				CLANG_ENABLE_MODULES = YES;
				CLANG_ENABLE_OBJC_ARC = YES;
				CLANG_WARN_BOOL_CONVERSION = YES;
				CLANG_WARN_CONSTANT_CONVERSION = YES;
				CLANG_WARN_DIRECT_OBJC_ISA_USAGE = YES_ERROR;
				CLANG_WARN_EMPTY_BODY = YES;
				CLANG_WARN_ENUM_CONVERSION = YES;
				CLANG_WARN_INT_CONVERSION = YES;
				CLANG_WARN_OBJC_ROOT_CLASS = YES_ERROR;
				CLANG_WARN__DUPLICATE_METHOD_MATCH = YES;
				"CODE_SIGN_IDENTITY[sdk=iphoneos*]" = "iPhone Developer";
				COPY_PHASE_STRIP = NO;
				GCC_C_LANGUAGE_STANDARD = gnu99;
				GCC_DYNAMIC_NO_PIC = NO;
				GCC_OPTIMIZATION_LEVEL = 0;
				GCC_PREPROCESSOR_DEFINITIONS = (
					"DEBUG=1",
					"$(inherited)",
				);
				GCC_SYMBOLS_PRIVATE_EXTERN = NO;
				GCC_WARN_64_TO_32_BIT_CONVERSION = YES;
				GCC_WARN_ABOUT_RETURN_TYPE = YES_ERROR;
				GCC_WARN_UNDECLARED_SELECTOR = YES;
				GCC_WARN_UNINITIALIZED_AUTOS = YES_AGGRESSIVE;
				GCC_WARN_UNUSED_FUNCTION = YES;
				GCC_WARN_UNUSED_VARIABLE = YES;
				IPHONEOS_DEPLOYMENT_TARGET = 7.1;
				ONLY_ACTIVE_ARCH = YES;
				SDKROOT = iphoneos;
			};
			name = Debug;
		};
		2C505DF1192BD5F4009B793D /* Release */ = {
			isa = XCBuildConfiguration;
			buildSettings = {
				ALWAYS_SEARCH_USER_PATHS = NO;
				CLANG_CXX_LANGUAGE_STANDARD = "gnu++0x";
				CLANG_CXX_LIBRARY = "libc++";
				CLANG_ENABLE_MODULES = YES;
				CLANG_ENABLE_OBJC_ARC = YES;
				CLANG_WARN_BOOL_CONVERSION = YES;
				CLANG_WARN_CONSTANT_CONVERSION = YES;
				CLANG_WARN_DIRECT_OBJC_ISA_USAGE = YES_ERROR;
				CLANG_WARN_EMPTY_BODY = YES;
				CLANG_WARN_ENUM_CONVERSION = YES;
				CLANG_WARN_INT_CONVERSION = YES;
				CLANG_WARN_OBJC_ROOT_CLASS = YES_ERROR;
				CLANG_WARN__DUPLICATE_METHOD_MATCH = YES;
				"CODE_SIGN_IDENTITY[sdk=iphoneos*]" = "iPhone Developer";
				COPY_PHASE_STRIP = YES;
				ENABLE_NS_ASSERTIONS = NO;
				GCC_C_LANGUAGE_STANDARD = gnu99;
				GCC_WARN_64_TO_32_BIT_CONVERSION = YES;
				GCC_WARN_ABOUT_RETURN_TYPE = YES_ERROR;
				GCC_WARN_UNDECLARED_SELECTOR = YES;
				GCC_WARN_UNINITIALIZED_AUTOS = YES_AGGRESSIVE;
				GCC_WARN_UNUSED_FUNCTION = YES;
				GCC_WARN_UNUSED_VARIABLE = YES;
				IPHONEOS_DEPLOYMENT_TARGET = 7.1;
				SDKROOT = iphoneos;
				VALIDATE_PRODUCT = YES;
			};
			name = Release;
		};
		2C505DF3192BD5F4009B793D /* Debug */ = {
			isa = XCBuildConfiguration;
			buildSettings = {
				ASSETCATALOG_COMPILER_APPICON_NAME = AppIcon;
				ASSETCATALOG_COMPILER_LAUNCHIMAGE_NAME = LaunchImage;
				GCC_PRECOMPILE_PREFIX_HEADER = YES;
				GCC_PREFIX_HEADER = "Homepwner/Homepwner-Prefix.pch";
				INFOPLIST_FILE = "Homepwner/Homepwner-Info.plist";
				PRODUCT_NAME = "$(TARGET_NAME)";
				WRAPPER_EXTENSION = app;
			};
			name = Debug;
		};
		2C505DF4192BD5F4009B793D /* Release */ = {
			isa = XCBuildConfiguration;
			buildSettings = {
				ASSETCATALOG_COMPILER_APPICON_NAME = AppIcon;
				ASSETCATALOG_COMPILER_LAUNCHIMAGE_NAME = LaunchImage;
				GCC_PRECOMPILE_PREFIX_HEADER = YES;
				GCC_PREFIX_HEADER = "Homepwner/Homepwner-Prefix.pch";
				INFOPLIST_FILE = "Homepwner/Homepwner-Info.plist";
				PRODUCT_NAME = "$(TARGET_NAME)";
				WRAPPER_EXTENSION = app;
			};
			name = Release;
		};
		2C505DF6192BD5F4009B793D /* Debug */ = {
			isa = XCBuildConfiguration;
			buildSettings = {
				BUNDLE_LOADER = "$(BUILT_PRODUCTS_DIR)/Homepwner.app/Homepwner";
				FRAMEWORK_SEARCH_PATHS = (
					"$(SDKROOT)/Developer/Library/Frameworks",
					"$(inherited)",
					"$(DEVELOPER_FRAMEWORKS_DIR)",
				);
				GCC_PRECOMPILE_PREFIX_HEADER = YES;
				GCC_PREFIX_HEADER = "Homepwner/Homepwner-Prefix.pch";
				GCC_PREPROCESSOR_DEFINITIONS = (
					"DEBUG=1",
					"$(inherited)",
				);
				INFOPLIST_FILE = "HomepwnerTests/HomepwnerTests-Info.plist";
				PRODUCT_NAME = "$(TARGET_NAME)";
				TEST_HOST = "$(BUNDLE_LOADER)";
				WRAPPER_EXTENSION = xctest;
			};
			name = Debug;
		};
		2C505DF7192BD5F4009B793D /* Release */ = {
			isa = XCBuildConfiguration;
			buildSettings = {
				BUNDLE_LOADER = "$(BUILT_PRODUCTS_DIR)/Homepwner.app/Homepwner";
				FRAMEWORK_SEARCH_PATHS = (
					"$(SDKROOT)/Developer/Library/Frameworks",
					"$(inherited)",
					"$(DEVELOPER_FRAMEWORKS_DIR)",
				);
				GCC_PRECOMPILE_PREFIX_HEADER = YES;
				GCC_PREFIX_HEADER = "Homepwner/Homepwner-Prefix.pch";
				INFOPLIST_FILE = "HomepwnerTests/HomepwnerTests-Info.plist";
				PRODUCT_NAME = "$(TARGET_NAME)";
				TEST_HOST = "$(BUNDLE_LOADER)";
				WRAPPER_EXTENSION = xctest;
			};
			name = Release;
		};
/* End XCBuildConfiguration section */

/* Begin XCConfigurationList section */
		2C505DC1192BD5F4009B793D /* Build configuration list for PBXProject "Homepwner" */ = {
			isa = XCConfigurationList;
			buildConfigurations = (
				2C505DF0192BD5F4009B793D /* Debug */,
				2C505DF1192BD5F4009B793D /* Release */,
			);
			defaultConfigurationIsVisible = 0;
			defaultConfigurationName = Release;
		};
		2C505DF2192BD5F4009B793D /* Build configuration list for PBXNativeTarget "Homepwner" */ = {
			isa = XCConfigurationList;
			buildConfigurations = (
				2C505DF3192BD5F4009B793D /* Debug */,
				2C505DF4192BD5F4009B793D /* Release */,
			);
			defaultConfigurationIsVisible = 0;
			defaultConfigurationName = Release;
		};
		2C505DF5192BD5F4009B793D /* Build configuration list for PBXNativeTarget "HomepwnerTests" */ = {
			isa = XCConfigurationList;
			buildConfigurations = (
				2C505DF6192BD5F4009B793D /* Debug */,
				2C505DF7192BD5F4009B793D /* Release */,
			);
			defaultConfigurationIsVisible = 0;
			defaultConfigurationName = Release;
		};
/* End XCConfigurationList section */
	};
	rootObject = 2C505DBE192BD5F4009B793D /* Project object */;
}
