// !$*UTF8*$!
{
	archiveVersion = 1;
	classes = {
	};
	objectVersion = 46;
	objects = {

/* Begin PBXBuildFile section */
		2C9A5570190ACF950047034C /* Foundation.framework in Frameworks */ = {isa = PBXBuildFile; fileRef = 2C9A556F190ACF950047034C /* Foundation.framework */; };
		2C9A5572190ACF950047034C /* CoreGraphics.framework in Frameworks */ = {isa = PBXBuildFile; fileRef = 2C9A5571190ACF950047034C /* CoreGraphics.framework */; };
		2C9A5574190ACF950047034C /* UIKit.framework in Frameworks */ = {isa = PBXBuildFile; fileRef = 2C9A5573190ACF950047034C /* UIKit.framework */; };
		2C9A557A190ACF950047034C /* InfoPlist.strings in Resources */ = {isa = PBXBuildFile; fileRef = 2C9A5578190ACF950047034C /* InfoPlist.strings */; };
		2C9A557C190ACF950047034C /* main.m in Sources */ = {isa = PBXBuildFile; fileRef = 2C9A557B190ACF950047034C /* main.m */; };
		2C9A5580190ACF950047034C /* TCSAppDelegate.m in Sources */ = {isa = PBXBuildFile; fileRef = 2C9A557F190ACF950047034C /* TCSAppDelegate.m */; };
		2C9A5583190ACF960047034C /* Main.storyboard in Resources */ = {isa = PBXBuildFile; fileRef = 2C9A5581190ACF960047034C /* Main.storyboard */; };
		2C9A5586190ACF960047034C /* TCSViewController.m in Sources */ = {isa = PBXBuildFile; fileRef = 2C9A5585190ACF960047034C /* TCSViewController.m */; };
		2C9A5588190ACF960047034C /* Images.xcassets in Resources */ = {isa = PBXBuildFile; fileRef = 2C9A5587190ACF960047034C /* Images.xcassets */; };
		2C9A558F190ACF960047034C /* XCTest.framework in Frameworks */ = {isa = PBXBuildFile; fileRef = 2C9A558E190ACF960047034C /* XCTest.framework */; };
		2C9A5590190ACF960047034C /* Foundation.framework in Frameworks */ = {isa = PBXBuildFile; fileRef = 2C9A556F190ACF950047034C /* Foundation.framework */; };
		2C9A5591190ACF960047034C /* UIKit.framework in Frameworks */ = {isa = PBXBuildFile; fileRef = 2C9A5573190ACF950047034C /* UIKit.framework */; };
		2C9A5599190ACF960047034C /* InfoPlist.strings in Resources */ = {isa = PBXBuildFile; fileRef = 2C9A5597190ACF960047034C /* InfoPlist.strings */; };
		2C9A559B190ACF960047034C /* TestClassTests.m in Sources */ = {isa = PBXBuildFile; fileRef = 2C9A559A190ACF960047034C /* TestClassTests.m */; };
		2C9A55A6190AD2230047034C /* TCSParty.m in Sources */ = {isa = PBXBuildFile; fileRef = 2C9A55A5190AD2230047034C /* TCSParty.m */; };
/* End PBXBuildFile section */

/* Begin PBXContainerItemProxy section */
		2C9A5592190ACF960047034C /* PBXContainerItemProxy */ = {
			isa = PBXContainerItemProxy;
			containerPortal = 2C9A5564190ACF950047034C /* Project object */;
			proxyType = 1;
			remoteGlobalIDString = 2C9A556B190ACF950047034C;
			remoteInfo = TestClass;
		};
/* End PBXContainerItemProxy section */

/* Begin PBXFileReference section */
		2C9A556C190ACF950047034C /* TestClass.app */ = {isa = PBXFileReference; explicitFileType = wrapper.application; includeInIndex = 0; path = TestClass.app; sourceTree = BUILT_PRODUCTS_DIR; };
		2C9A556F190ACF950047034C /* Foundation.framework */ = {isa = PBXFileReference; lastKnownFileType = wrapper.framework; name = Foundation.framework; path = System/Library/Frameworks/Foundation.framework; sourceTree = SDKROOT; };
		2C9A5571190ACF950047034C /* CoreGraphics.framework */ = {isa = PBXFileReference; lastKnownFileType = wrapper.framework; name = CoreGraphics.framework; path = System/Library/Frameworks/CoreGraphics.framework; sourceTree = SDKROOT; };
		2C9A5573190ACF950047034C /* UIKit.framework */ = {isa = PBXFileReference; lastKnownFileType = wrapper.framework; name = UIKit.framework; path = System/Library/Frameworks/UIKit.framework; sourceTree = SDKROOT; };
		2C9A5577190ACF950047034C /* TestClass-Info.plist */ = {isa = PBXFileReference; lastKnownFileType = text.plist.xml; path = "TestClass-Info.plist"; sourceTree = "<group>"; };
		2C9A5579190ACF950047034C /* en */ = {isa = PBXFileReference; lastKnownFileType = text.plist.strings; name = en; path = en.lproj/InfoPlist.strings; sourceTree = "<group>"; };
		2C9A557B190ACF950047034C /* main.m */ = {isa = PBXFileReference; lastKnownFileType = sourcecode.c.objc; path = main.m; sourceTree = "<group>"; };
		2C9A557D190ACF950047034C /* TestClass-Prefix.pch */ = {isa = PBXFileReference; lastKnownFileType = sourcecode.c.h; path = "TestClass-Prefix.pch"; sourceTree = "<group>"; };
		2C9A557E190ACF950047034C /* TCSAppDelegate.h */ = {isa = PBXFileReference; lastKnownFileType = sourcecode.c.h; path = TCSAppDelegate.h; sourceTree = "<group>"; };
		2C9A557F190ACF950047034C /* TCSAppDelegate.m */ = {isa = PBXFileReference; lastKnownFileType = sourcecode.c.objc; path = TCSAppDelegate.m; sourceTree = "<group>"; };
		2C9A5582190ACF960047034C /* Base */ = {isa = PBXFileReference; lastKnownFileType = file.storyboard; name = Base; path = Base.lproj/Main.storyboard; sourceTree = "<group>"; };
		2C9A5584190ACF960047034C /* TCSViewController.h */ = {isa = PBXFileReference; lastKnownFileType = sourcecode.c.h; path = TCSViewController.h; sourceTree = "<group>"; };
		2C9A5585190ACF960047034C /* TCSViewController.m */ = {isa = PBXFileReference; lastKnownFileType = sourcecode.c.objc; path = TCSViewController.m; sourceTree = "<group>"; };
		2C9A5587190ACF960047034C /* Images.xcassets */ = {isa = PBXFileReference; lastKnownFileType = folder.assetcatalog; path = Images.xcassets; sourceTree = "<group>"; };
		2C9A558D190ACF960047034C /* TestClassTests.xctest */ = {isa = PBXFileReference; explicitFileType = wrapper.cfbundle; includeInIndex = 0; path = TestClassTests.xctest; sourceTree = BUILT_PRODUCTS_DIR; };
		2C9A558E190ACF960047034C /* XCTest.framework */ = {isa = PBXFileReference; lastKnownFileType = wrapper.framework; name = XCTest.framework; path = Library/Frameworks/XCTest.framework; sourceTree = DEVELOPER_DIR; };
		2C9A5596190ACF960047034C /* TestClassTests-Info.plist */ = {isa = PBXFileReference; lastKnownFileType = text.plist.xml; path = "TestClassTests-Info.plist"; sourceTree = "<group>"; };
		2C9A5598190ACF960047034C /* en */ = {isa = PBXFileReference; lastKnownFileType = text.plist.strings; name = en; path = en.lproj/InfoPlist.strings; sourceTree = "<group>"; };
		2C9A559A190ACF960047034C /* TestClassTests.m */ = {isa = PBXFileReference; lastKnownFileType = sourcecode.c.objc; path = TestClassTests.m; sourceTree = "<group>"; };
		2C9A55A4190AD2230047034C /* TCSParty.h */ = {isa = PBXFileReference; fileEncoding = 4; lastKnownFileType = sourcecode.c.h; path = TCSParty.h; sourceTree = "<group>"; };
		2C9A55A5190AD2230047034C /* TCSParty.m */ = {isa = PBXFileReference; fileEncoding = 4; lastKnownFileType = sourcecode.c.objc; path = TCSParty.m; sourceTree = "<group>"; };
/* End PBXFileReference section */

/* Begin PBXFrameworksBuildPhase section */
		2C9A5569190ACF950047034C /* Frameworks */ = {
			isa = PBXFrameworksBuildPhase;
			buildActionMask = 2147483647;
			files = (
				2C9A5572190ACF950047034C /* CoreGraphics.framework in Frameworks */,
				2C9A5574190ACF950047034C /* UIKit.framework in Frameworks */,
				2C9A5570190ACF950047034C /* Foundation.framework in Frameworks */,
			);
			runOnlyForDeploymentPostprocessing = 0;
		};
		2C9A558A190ACF960047034C /* Frameworks */ = {
			isa = PBXFrameworksBuildPhase;
			buildActionMask = 2147483647;
			files = (
				2C9A558F190ACF960047034C /* XCTest.framework in Frameworks */,
				2C9A5591190ACF960047034C /* UIKit.framework in Frameworks */,
				2C9A5590190ACF960047034C /* Foundation.framework in Frameworks */,
			);
			runOnlyForDeploymentPostprocessing = 0;
		};
/* End PBXFrameworksBuildPhase section */

/* Begin PBXGroup section */
		2C9A5563190ACF950047034C = {
			isa = PBXGroup;
			children = (
				2C9A5575190ACF950047034C /* TestClass */,
				2C9A5594190ACF960047034C /* TestClassTests */,
				2C9A556E190ACF950047034C /* Frameworks */,
				2C9A556D190ACF950047034C /* Products */,
			);
			sourceTree = "<group>";
		};
		2C9A556D190ACF950047034C /* Products */ = {
			isa = PBXGroup;
			children = (
				2C9A556C190ACF950047034C /* TestClass.app */,
				2C9A558D190ACF960047034C /* TestClassTests.xctest */,
			);
			name = Products;
			sourceTree = "<group>";
		};
		2C9A556E190ACF950047034C /* Frameworks */ = {
			isa = PBXGroup;
			children = (
				2C9A556F190ACF950047034C /* Foundation.framework */,
				2C9A5571190ACF950047034C /* CoreGraphics.framework */,
				2C9A5573190ACF950047034C /* UIKit.framework */,
				2C9A558E190ACF960047034C /* XCTest.framework */,
			);
			name = Frameworks;
			sourceTree = "<group>";
		};
		2C9A5575190ACF950047034C /* TestClass */ = {
			isa = PBXGroup;
			children = (
				2C9A557E190ACF950047034C /* TCSAppDelegate.h */,
				2C9A557F190ACF950047034C /* TCSAppDelegate.m */,
				2C9A5581190ACF960047034C /* Main.storyboard */,
				2C9A5584190ACF960047034C /* TCSViewController.h */,
				2C9A5585190ACF960047034C /* TCSViewController.m */,
				2C9A5587190ACF960047034C /* Images.xcassets */,
				2C9A5576190ACF950047034C /* Supporting Files */,
				2C9A55A4190AD2230047034C /* TCSParty.h */,
				2C9A55A5190AD2230047034C /* TCSParty.m */,
			);
			path = TestClass;
			sourceTree = "<group>";
		};
		2C9A5576190ACF950047034C /* Supporting Files */ = {
			isa = PBXGroup;
			children = (
				2C9A5577190ACF950047034C /* TestClass-Info.plist */,
				2C9A5578190ACF950047034C /* InfoPlist.strings */,
				2C9A557B190ACF950047034C /* main.m */,
				2C9A557D190ACF950047034C /* TestClass-Prefix.pch */,
			);
			name = "Supporting Files";
			sourceTree = "<group>";
		};
		2C9A5594190ACF960047034C /* TestClassTests */ = {
			isa = PBXGroup;
			children = (
				2C9A559A190ACF960047034C /* TestClassTests.m */,
				2C9A5595190ACF960047034C /* Supporting Files */,
			);
			path = TestClassTests;
			sourceTree = "<group>";
		};
		2C9A5595190ACF960047034C /* Supporting Files */ = {
			isa = PBXGroup;
			children = (
				2C9A5596190ACF960047034C /* TestClassTests-Info.plist */,
				2C9A5597190ACF960047034C /* InfoPlist.strings */,
			);
			name = "Supporting Files";
			sourceTree = "<group>";
		};
/* End PBXGroup section */

/* Begin PBXNativeTarget section */
		2C9A556B190ACF950047034C /* TestClass */ = {
			isa = PBXNativeTarget;
			buildConfigurationList = 2C9A559E190ACF960047034C /* Build configuration list for PBXNativeTarget "TestClass" */;
			buildPhases = (
				2C9A5568190ACF950047034C /* Sources */,
				2C9A5569190ACF950047034C /* Frameworks */,
				2C9A556A190ACF950047034C /* Resources */,
			);
			buildRules = (
			);
			dependencies = (
			);
			name = TestClass;
			productName = TestClass;
			productReference = 2C9A556C190ACF950047034C /* TestClass.app */;
			productType = "com.apple.product-type.application";
		};
		2C9A558C190ACF960047034C /* TestClassTests */ = {
			isa = PBXNativeTarget;
			buildConfigurationList = 2C9A55A1190ACF960047034C /* Build configuration list for PBXNativeTarget "TestClassTests" */;
			buildPhases = (
				2C9A5589190ACF960047034C /* Sources */,
				2C9A558A190ACF960047034C /* Frameworks */,
				2C9A558B190ACF960047034C /* Resources */,
			);
			buildRules = (
			);
			dependencies = (
				2C9A5593190ACF960047034C /* PBXTargetDependency */,
			);
			name = TestClassTests;
			productName = TestClassTests;
			productReference = 2C9A558D190ACF960047034C /* TestClassTests.xctest */;
			productType = "com.apple.product-type.bundle.unit-test";
		};
/* End PBXNativeTarget section */

/* Begin PBXProject section */
		2C9A5564190ACF950047034C /* Project object */ = {
			isa = PBXProject;
			attributes = {
				CLASSPREFIX = TCS;
				LastUpgradeCheck = 0510;
				ORGANIZATIONNAME = elkraneoteach;
				TargetAttributes = {
					2C9A558C190ACF960047034C = {
						TestTargetID = 2C9A556B190ACF950047034C;
					};
				};
			};
			buildConfigurationList = 2C9A5567190ACF950047034C /* Build configuration list for PBXProject "TestClass" */;
			compatibilityVersion = "Xcode 3.2";
			developmentRegion = English;
			hasScannedForEncodings = 0;
			knownRegions = (
				en,
				Base,
			);
			mainGroup = 2C9A5563190ACF950047034C;
			productRefGroup = 2C9A556D190ACF950047034C /* Products */;
			projectDirPath = "";
			projectRoot = "";
			targets = (
				2C9A556B190ACF950047034C /* TestClass */,
				2C9A558C190ACF960047034C /* TestClassTests */,
			);
		};
/* End PBXProject section */

/* Begin PBXResourcesBuildPhase section */
		2C9A556A190ACF950047034C /* Resources */ = {
			isa = PBXResourcesBuildPhase;
			buildActionMask = 2147483647;
			files = (
				2C9A5588190ACF960047034C /* Images.xcassets in Resources */,
				2C9A557A190ACF950047034C /* InfoPlist.strings in Resources */,
				2C9A5583190ACF960047034C /* Main.storyboard in Resources */,
			);
			runOnlyForDeploymentPostprocessing = 0;
		};
		2C9A558B190ACF960047034C /* Resources */ = {
			isa = PBXResourcesBuildPhase;
			buildActionMask = 2147483647;
			files = (
				2C9A5599190ACF960047034C /* InfoPlist.strings in Resources */,
			);
			runOnlyForDeploymentPostprocessing = 0;
		};
/* End PBXResourcesBuildPhase section */

/* Begin PBXSourcesBuildPhase section */
		2C9A5568190ACF950047034C /* Sources */ = {
			isa = PBXSourcesBuildPhase;
			buildActionMask = 2147483647;
			files = (
				2C9A557C190ACF950047034C /* main.m in Sources */,
				2C9A5580190ACF950047034C /* TCSAppDelegate.m in Sources */,
				2C9A5586190ACF960047034C /* TCSViewController.m in Sources */,
				2C9A55A6190AD2230047034C /* TCSParty.m in Sources */,
			);
			runOnlyForDeploymentPostprocessing = 0;
		};
		2C9A5589190ACF960047034C /* Sources */ = {
			isa = PBXSourcesBuildPhase;
			buildActionMask = 2147483647;
			files = (
				2C9A559B190ACF960047034C /* TestClassTests.m in Sources */,
			);
			runOnlyForDeploymentPostprocessing = 0;
		};
/* End PBXSourcesBuildPhase section */

/* Begin PBXTargetDependency section */
		2C9A5593190ACF960047034C /* PBXTargetDependency */ = {
			isa = PBXTargetDependency;
			target = 2C9A556B190ACF950047034C /* TestClass */;
			targetProxy = 2C9A5592190ACF960047034C /* PBXContainerItemProxy */;
		};
/* End PBXTargetDependency section */

/* Begin PBXVariantGroup section */
		2C9A5578190ACF950047034C /* InfoPlist.strings */ = {
			isa = PBXVariantGroup;
			children = (
				2C9A5579190ACF950047034C /* en */,
			);
			name = InfoPlist.strings;
			sourceTree = "<group>";
		};
		2C9A5581190ACF960047034C /* Main.storyboard */ = {
			isa = PBXVariantGroup;
			children = (
				2C9A5582190ACF960047034C /* Base */,
			);
			name = Main.storyboard;
			sourceTree = "<group>";
		};
		2C9A5597190ACF960047034C /* InfoPlist.strings */ = {
			isa = PBXVariantGroup;
			children = (
				2C9A5598190ACF960047034C /* en */,
			);
			name = InfoPlist.strings;
			sourceTree = "<group>";
		};
/* End PBXVariantGroup section */

/* Begin XCBuildConfiguration section */
		2C9A559C190ACF960047034C /* Debug */ = {
			isa = XCBuildConfiguration;
			buildSettings = {
				ALWAYS_SEARCH_USER_PATHS = NO;
				CLANG_CXX_LANGUAGE_STANDARD = "gnu++0x";
				CLANG_CXX_LIBRARY = "libc++";
				CLANG_ENABLE_MODULES = YES;
				CLANG_ENABLE_OBJC_ARC = YES;
				CLANG_WARN_BOOL_CONVERSION = YES;
				CLANG_WARN_CONSTANT_CONVERSION = YES;
				CLANG_WARN_DIRECT_OBJC_ISA_USAGE = YES_ERROR;
				CLANG_WARN_EMPTY_BODY = YES;
				CLANG_WARN_ENUM_CONVERSION = YES;
				CLANG_WARN_INT_CONVERSION = YES;
				CLANG_WARN_OBJC_ROOT_CLASS = YES_ERROR;
				CLANG_WARN__DUPLICATE_METHOD_MATCH = YES;
				"CODE_SIGN_IDENTITY[sdk=iphoneos*]" = "iPhone Developer";
				COPY_PHASE_STRIP = NO;
				GCC_C_LANGUAGE_STANDARD = gnu99;
				GCC_DYNAMIC_NO_PIC = NO;
				GCC_OPTIMIZATION_LEVEL = 0;
				GCC_PREPROCESSOR_DEFINITIONS = (
					"DEBUG=1",
					"$(inherited)",
				);
				GCC_SYMBOLS_PRIVATE_EXTERN = NO;
				GCC_WARN_64_TO_32_BIT_CONVERSION = YES;
				GCC_WARN_ABOUT_RETURN_TYPE = YES_ERROR;
				GCC_WARN_UNDECLARED_SELECTOR = YES;
				GCC_WARN_UNINITIALIZED_AUTOS = YES_AGGRESSIVE;
				GCC_WARN_UNUSED_FUNCTION = YES;
				GCC_WARN_UNUSED_VARIABLE = YES;
				IPHONEOS_DEPLOYMENT_TARGET = 7.1;
				ONLY_ACTIVE_ARCH = YES;
				SDKROOT = iphoneos;
			};
			name = Debug;
		};
		2C9A559D190ACF960047034C /* Release */ = {
			isa = XCBuildConfiguration;
			buildSettings = {
				ALWAYS_SEARCH_USER_PATHS = NO;
				CLANG_CXX_LANGUAGE_STANDARD = "gnu++0x";
				CLANG_CXX_LIBRARY = "libc++";
				CLANG_ENABLE_MODULES = YES;
				CLANG_ENABLE_OBJC_ARC = YES;
				CLANG_WARN_BOOL_CONVERSION = YES;
				CLANG_WARN_CONSTANT_CONVERSION = YES;
				CLANG_WARN_DIRECT_OBJC_ISA_USAGE = YES_ERROR;
				CLANG_WARN_EMPTY_BODY = YES;
				CLANG_WARN_ENUM_CONVERSION = YES;
				CLANG_WARN_INT_CONVERSION = YES;
				CLANG_WARN_OBJC_ROOT_CLASS = YES_ERROR;
				CLANG_WARN__DUPLICATE_METHOD_MATCH = YES;
				"CODE_SIGN_IDENTITY[sdk=iphoneos*]" = "iPhone Developer";
				COPY_PHASE_STRIP = YES;
				ENABLE_NS_ASSERTIONS = NO;
				GCC_C_LANGUAGE_STANDARD = gnu99;
				GCC_WARN_64_TO_32_BIT_CONVERSION = YES;
				GCC_WARN_ABOUT_RETURN_TYPE = YES_ERROR;
				GCC_WARN_UNDECLARED_SELECTOR = YES;
				GCC_WARN_UNINITIALIZED_AUTOS = YES_AGGRESSIVE;
				GCC_WARN_UNUSED_FUNCTION = YES;
				GCC_WARN_UNUSED_VARIABLE = YES;
				IPHONEOS_DEPLOYMENT_TARGET = 7.1;
				SDKROOT = iphoneos;
				VALIDATE_PRODUCT = YES;
			};
			name = Release;
		};
		2C9A559F190ACF960047034C /* Debug */ = {
			isa = XCBuildConfiguration;
			buildSettings = {
				ASSETCATALOG_COMPILER_APPICON_NAME = AppIcon;
				ASSETCATALOG_COMPILER_LAUNCHIMAGE_NAME = LaunchImage;
				GCC_PRECOMPILE_PREFIX_HEADER = YES;
				GCC_PREFIX_HEADER = "TestClass/TestClass-Prefix.pch";
				INFOPLIST_FILE = "TestClass/TestClass-Info.plist";
				PRODUCT_NAME = "$(TARGET_NAME)";
				WRAPPER_EXTENSION = app;
			};
			name = Debug;
		};
		2C9A55A0190ACF960047034C /* Release */ = {
			isa = XCBuildConfiguration;
			buildSettings = {
				ASSETCATALOG_COMPILER_APPICON_NAME = AppIcon;
				ASSETCATALOG_COMPILER_LAUNCHIMAGE_NAME = LaunchImage;
				GCC_PRECOMPILE_PREFIX_HEADER = YES;
				GCC_PREFIX_HEADER = "TestClass/TestClass-Prefix.pch";
				INFOPLIST_FILE = "TestClass/TestClass-Info.plist";
				PRODUCT_NAME = "$(TARGET_NAME)";
				WRAPPER_EXTENSION = app;
			};
			name = Release;
		};
		2C9A55A2190ACF960047034C /* Debug */ = {
			isa = XCBuildConfiguration;
			buildSettings = {
				BUNDLE_LOADER = "$(BUILT_PRODUCTS_DIR)/TestClass.app/TestClass";
				FRAMEWORK_SEARCH_PATHS = (
					"$(SDKROOT)/Developer/Library/Frameworks",
					"$(inherited)",
					"$(DEVELOPER_FRAMEWORKS_DIR)",
				);
				GCC_PRECOMPILE_PREFIX_HEADER = YES;
				GCC_PREFIX_HEADER = "TestClass/TestClass-Prefix.pch";
				GCC_PREPROCESSOR_DEFINITIONS = (
					"DEBUG=1",
					"$(inherited)",
				);
				INFOPLIST_FILE = "TestClassTests/TestClassTests-Info.plist";
				PRODUCT_NAME = "$(TARGET_NAME)";
				TEST_HOST = "$(BUNDLE_LOADER)";
				WRAPPER_EXTENSION = xctest;
			};
			name = Debug;
		};
		2C9A55A3190ACF960047034C /* Release */ = {
			isa = XCBuildConfiguration;
			buildSettings = {
				BUNDLE_LOADER = "$(BUILT_PRODUCTS_DIR)/TestClass.app/TestClass";
				FRAMEWORK_SEARCH_PATHS = (
					"$(SDKROOT)/Developer/Library/Frameworks",
					"$(inherited)",
					"$(DEVELOPER_FRAMEWORKS_DIR)",
				);
				GCC_PRECOMPILE_PREFIX_HEADER = YES;
				GCC_PREFIX_HEADER = "TestClass/TestClass-Prefix.pch";
				INFOPLIST_FILE = "TestClassTests/TestClassTests-Info.plist";
				PRODUCT_NAME = "$(TARGET_NAME)";
				TEST_HOST = "$(BUNDLE_LOADER)";
				WRAPPER_EXTENSION = xctest;
			};
			name = Release;
		};
/* End XCBuildConfiguration section */

/* Begin XCConfigurationList section */
		2C9A5567190ACF950047034C /* Build configuration list for PBXProject "TestClass" */ = {
			isa = XCConfigurationList;
			buildConfigurations = (
				2C9A559C190ACF960047034C /* Debug */,
				2C9A559D190ACF960047034C /* Release */,
			);
			defaultConfigurationIsVisible = 0;
			defaultConfigurationName = Release;
		};
		2C9A559E190ACF960047034C /* Build configuration list for PBXNativeTarget "TestClass" */ = {
			isa = XCConfigurationList;
			buildConfigurations = (
				2C9A559F190ACF960047034C /* Debug */,
				2C9A55A0190ACF960047034C /* Release */,
			);
			defaultConfigurationIsVisible = 0;
		};
		2C9A55A1190ACF960047034C /* Build configuration list for PBXNativeTarget "TestClassTests" */ = {
			isa = XCConfigurationList;
			buildConfigurations = (
				2C9A55A2190ACF960047034C /* Debug */,
				2C9A55A3190ACF960047034C /* Release */,
			);
			defaultConfigurationIsVisible = 0;
		};
/* End XCConfigurationList section */
	};
	rootObject = 2C9A5564190ACF950047034C /* Project object */;
}
