// !$*UTF8*$!
{
	archiveVersion = 1;
	classes = {
	};
	objectVersion = 46;
	objects = {

/* Begin PBXBuildFile section */
		2C6C31C319098B8500B3861B /* Foundation.framework in Frameworks */ = {isa = PBXBuildFile; fileRef = 2C6C31C219098B8500B3861B /* Foundation.framework */; };
		2C6C31C519098B8500B3861B /* CoreGraphics.framework in Frameworks */ = {isa = PBXBuildFile; fileRef = 2C6C31C419098B8500B3861B /* CoreGraphics.framework */; };
		2C6C31C719098B8500B3861B /* UIKit.framework in Frameworks */ = {isa = PBXBuildFile; fileRef = 2C6C31C619098B8500B3861B /* UIKit.framework */; };
		2C6C31CD19098B8500B3861B /* InfoPlist.strings in Resources */ = {isa = PBXBuildFile; fileRef = 2C6C31CB19098B8500B3861B /* InfoPlist.strings */; };
		2C6C31CF19098B8500B3861B /* main.m in Sources */ = {isa = PBXBuildFile; fileRef = 2C6C31CE19098B8500B3861B /* main.m */; };
		2C6C31D319098B8500B3861B /* MPVCAppDelegate.m in Sources */ = {isa = PBXBuildFile; fileRef = 2C6C31D219098B8500B3861B /* MPVCAppDelegate.m */; };
		2C6C31D619098B8500B3861B /* Main.storyboard in Resources */ = {isa = PBXBuildFile; fileRef = 2C6C31D419098B8500B3861B /* Main.storyboard */; };
		2C6C31DB19098B8500B3861B /* Images.xcassets in Resources */ = {isa = PBXBuildFile; fileRef = 2C6C31DA19098B8500B3861B /* Images.xcassets */; };
		2C6C31E219098B8500B3861B /* XCTest.framework in Frameworks */ = {isa = PBXBuildFile; fileRef = 2C6C31E119098B8500B3861B /* XCTest.framework */; };
		2C6C31E319098B8500B3861B /* Foundation.framework in Frameworks */ = {isa = PBXBuildFile; fileRef = 2C6C31C219098B8500B3861B /* Foundation.framework */; };
		2C6C31E419098B8500B3861B /* UIKit.framework in Frameworks */ = {isa = PBXBuildFile; fileRef = 2C6C31C619098B8500B3861B /* UIKit.framework */; };
		2C6C31EC19098B8500B3861B /* InfoPlist.strings in Resources */ = {isa = PBXBuildFile; fileRef = 2C6C31EA19098B8500B3861B /* InfoPlist.strings */; };
		2C6C31EE19098B8500B3861B /* MiPrimerViewControllerTests.m in Sources */ = {isa = PBXBuildFile; fileRef = 2C6C31ED19098B8500B3861B /* MiPrimerViewControllerTests.m */; };
		2C6C31F919098DE000B3861B /* MPVCQuizViewController.m in Sources */ = {isa = PBXBuildFile; fileRef = 2C6C31F819098DE000B3861B /* MPVCQuizViewController.m */; };
/* End PBXBuildFile section */

/* Begin PBXContainerItemProxy section */
		2C6C31E519098B8500B3861B /* PBXContainerItemProxy */ = {
			isa = PBXContainerItemProxy;
			containerPortal = 2C6C31B719098B8500B3861B /* Project object */;
			proxyType = 1;
			remoteGlobalIDString = 2C6C31BE19098B8500B3861B;
			remoteInfo = MiPrimerViewController;
		};
/* End PBXContainerItemProxy section */

/* Begin PBXFileReference section */
		2C6C31BF19098B8500B3861B /* MiPrimerViewController.app */ = {isa = PBXFileReference; explicitFileType = wrapper.application; includeInIndex = 0; path = MiPrimerViewController.app; sourceTree = BUILT_PRODUCTS_DIR; };
		2C6C31C219098B8500B3861B /* Foundation.framework */ = {isa = PBXFileReference; lastKnownFileType = wrapper.framework; name = Foundation.framework; path = System/Library/Frameworks/Foundation.framework; sourceTree = SDKROOT; };
		2C6C31C419098B8500B3861B /* CoreGraphics.framework */ = {isa = PBXFileReference; lastKnownFileType = wrapper.framework; name = CoreGraphics.framework; path = System/Library/Frameworks/CoreGraphics.framework; sourceTree = SDKROOT; };
		2C6C31C619098B8500B3861B /* UIKit.framework */ = {isa = PBXFileReference; lastKnownFileType = wrapper.framework; name = UIKit.framework; path = System/Library/Frameworks/UIKit.framework; sourceTree = SDKROOT; };
		2C6C31CA19098B8500B3861B /* MiPrimerViewController-Info.plist */ = {isa = PBXFileReference; lastKnownFileType = text.plist.xml; path = "MiPrimerViewController-Info.plist"; sourceTree = "<group>"; };
		2C6C31CC19098B8500B3861B /* en */ = {isa = PBXFileReference; lastKnownFileType = text.plist.strings; name = en; path = en.lproj/InfoPlist.strings; sourceTree = "<group>"; };
		2C6C31CE19098B8500B3861B /* main.m */ = {isa = PBXFileReference; lastKnownFileType = sourcecode.c.objc; path = main.m; sourceTree = "<group>"; };
		2C6C31D019098B8500B3861B /* MiPrimerViewController-Prefix.pch */ = {isa = PBXFileReference; lastKnownFileType = sourcecode.c.h; path = "MiPrimerViewController-Prefix.pch"; sourceTree = "<group>"; };
		2C6C31D119098B8500B3861B /* MPVCAppDelegate.h */ = {isa = PBXFileReference; lastKnownFileType = sourcecode.c.h; path = MPVCAppDelegate.h; sourceTree = "<group>"; };
		2C6C31D219098B8500B3861B /* MPVCAppDelegate.m */ = {isa = PBXFileReference; lastKnownFileType = sourcecode.c.objc; path = MPVCAppDelegate.m; sourceTree = "<group>"; };
		2C6C31D519098B8500B3861B /* Base */ = {isa = PBXFileReference; lastKnownFileType = file.storyboard; name = Base; path = Base.lproj/Main.storyboard; sourceTree = "<group>"; };
		2C6C31DA19098B8500B3861B /* Images.xcassets */ = {isa = PBXFileReference; lastKnownFileType = folder.assetcatalog; path = Images.xcassets; sourceTree = "<group>"; };
		2C6C31E019098B8500B3861B /* MiPrimerViewControllerTests.xctest */ = {isa = PBXFileReference; explicitFileType = wrapper.cfbundle; includeInIndex = 0; path = MiPrimerViewControllerTests.xctest; sourceTree = BUILT_PRODUCTS_DIR; };
		2C6C31E119098B8500B3861B /* XCTest.framework */ = {isa = PBXFileReference; lastKnownFileType = wrapper.framework; name = XCTest.framework; path = Library/Frameworks/XCTest.framework; sourceTree = DEVELOPER_DIR; };
		2C6C31E919098B8500B3861B /* MiPrimerViewControllerTests-Info.plist */ = {isa = PBXFileReference; lastKnownFileType = text.plist.xml; path = "MiPrimerViewControllerTests-Info.plist"; sourceTree = "<group>"; };
		2C6C31EB19098B8500B3861B /* en */ = {isa = PBXFileReference; lastKnownFileType = text.plist.strings; name = en; path = en.lproj/InfoPlist.strings; sourceTree = "<group>"; };
		2C6C31ED19098B8500B3861B /* MiPrimerViewControllerTests.m */ = {isa = PBXFileReference; lastKnownFileType = sourcecode.c.objc; path = MiPrimerViewControllerTests.m; sourceTree = "<group>"; };
		2C6C31F719098DE000B3861B /* MPVCQuizViewController.h */ = {isa = PBXFileReference; fileEncoding = 4; lastKnownFileType = sourcecode.c.h; path = MPVCQuizViewController.h; sourceTree = "<group>"; };
		2C6C31F819098DE000B3861B /* MPVCQuizViewController.m */ = {isa = PBXFileReference; fileEncoding = 4; lastKnownFileType = sourcecode.c.objc; path = MPVCQuizViewController.m; sourceTree = "<group>"; };
/* End PBXFileReference section */

/* Begin PBXFrameworksBuildPhase section */
		2C6C31BC19098B8500B3861B /* Frameworks */ = {
			isa = PBXFrameworksBuildPhase;
			buildActionMask = 2147483647;
			files = (
				2C6C31C519098B8500B3861B /* CoreGraphics.framework in Frameworks */,
				2C6C31C719098B8500B3861B /* UIKit.framework in Frameworks */,
				2C6C31C319098B8500B3861B /* Foundation.framework in Frameworks */,
			);
			runOnlyForDeploymentPostprocessing = 0;
		};
		2C6C31DD19098B8500B3861B /* Frameworks */ = {
			isa = PBXFrameworksBuildPhase;
			buildActionMask = 2147483647;
			files = (
				2C6C31E219098B8500B3861B /* XCTest.framework in Frameworks */,
				2C6C31E419098B8500B3861B /* UIKit.framework in Frameworks */,
				2C6C31E319098B8500B3861B /* Foundation.framework in Frameworks */,
			);
			runOnlyForDeploymentPostprocessing = 0;
		};
/* End PBXFrameworksBuildPhase section */

/* Begin PBXGroup section */
		2C6C31B619098B8500B3861B = {
			isa = PBXGroup;
			children = (
				2C6C31C819098B8500B3861B /* MiPrimerViewController */,
				2C6C31E719098B8500B3861B /* MiPrimerViewControllerTests */,
				2C6C31C119098B8500B3861B /* Frameworks */,
				2C6C31C019098B8500B3861B /* Products */,
			);
			sourceTree = "<group>";
		};
		2C6C31C019098B8500B3861B /* Products */ = {
			isa = PBXGroup;
			children = (
				2C6C31BF19098B8500B3861B /* MiPrimerViewController.app */,
				2C6C31E019098B8500B3861B /* MiPrimerViewControllerTests.xctest */,
			);
			name = Products;
			sourceTree = "<group>";
		};
		2C6C31C119098B8500B3861B /* Frameworks */ = {
			isa = PBXGroup;
			children = (
				2C6C31C219098B8500B3861B /* Foundation.framework */,
				2C6C31C419098B8500B3861B /* CoreGraphics.framework */,
				2C6C31C619098B8500B3861B /* UIKit.framework */,
				2C6C31E119098B8500B3861B /* XCTest.framework */,
			);
			name = Frameworks;
			sourceTree = "<group>";
		};
		2C6C31C819098B8500B3861B /* MiPrimerViewController */ = {
			isa = PBXGroup;
			children = (
				2C6C31D119098B8500B3861B /* MPVCAppDelegate.h */,
				2C6C31D219098B8500B3861B /* MPVCAppDelegate.m */,
				2C6C31D419098B8500B3861B /* Main.storyboard */,
				2C6C31F719098DE000B3861B /* MPVCQuizViewController.h */,
				2C6C31F819098DE000B3861B /* MPVCQuizViewController.m */,
				2C6C31DA19098B8500B3861B /* Images.xcassets */,
				2C6C31C919098B8500B3861B /* Supporting Files */,
			);
			path = MiPrimerViewController;
			sourceTree = "<group>";
		};
		2C6C31C919098B8500B3861B /* Supporting Files */ = {
			isa = PBXGroup;
			children = (
				2C6C31CA19098B8500B3861B /* MiPrimerViewController-Info.plist */,
				2C6C31CB19098B8500B3861B /* InfoPlist.strings */,
				2C6C31CE19098B8500B3861B /* main.m */,
				2C6C31D019098B8500B3861B /* MiPrimerViewController-Prefix.pch */,
			);
			name = "Supporting Files";
			sourceTree = "<group>";
		};
		2C6C31E719098B8500B3861B /* MiPrimerViewControllerTests */ = {
			isa = PBXGroup;
			children = (
				2C6C31ED19098B8500B3861B /* MiPrimerViewControllerTests.m */,
				2C6C31E819098B8500B3861B /* Supporting Files */,
			);
			path = MiPrimerViewControllerTests;
			sourceTree = "<group>";
		};
		2C6C31E819098B8500B3861B /* Supporting Files */ = {
			isa = PBXGroup;
			children = (
				2C6C31E919098B8500B3861B /* MiPrimerViewControllerTests-Info.plist */,
				2C6C31EA19098B8500B3861B /* InfoPlist.strings */,
			);
			name = "Supporting Files";
			sourceTree = "<group>";
		};
/* End PBXGroup section */

/* Begin PBXNativeTarget section */
		2C6C31BE19098B8500B3861B /* MiPrimerViewController */ = {
			isa = PBXNativeTarget;
			buildConfigurationList = 2C6C31F119098B8500B3861B /* Build configuration list for PBXNativeTarget "MiPrimerViewController" */;
			buildPhases = (
				2C6C31BB19098B8500B3861B /* Sources */,
				2C6C31BC19098B8500B3861B /* Frameworks */,
				2C6C31BD19098B8500B3861B /* Resources */,
			);
			buildRules = (
			);
			dependencies = (
			);
			name = MiPrimerViewController;
			productName = MiPrimerViewController;
			productReference = 2C6C31BF19098B8500B3861B /* MiPrimerViewController.app */;
			productType = "com.apple.product-type.application";
		};
		2C6C31DF19098B8500B3861B /* MiPrimerViewControllerTests */ = {
			isa = PBXNativeTarget;
			buildConfigurationList = 2C6C31F419098B8500B3861B /* Build configuration list for PBXNativeTarget "MiPrimerViewControllerTests" */;
			buildPhases = (
				2C6C31DC19098B8500B3861B /* Sources */,
				2C6C31DD19098B8500B3861B /* Frameworks */,
				2C6C31DE19098B8500B3861B /* Resources */,
			);
			buildRules = (
			);
			dependencies = (
				2C6C31E619098B8500B3861B /* PBXTargetDependency */,
			);
			name = MiPrimerViewControllerTests;
			productName = MiPrimerViewControllerTests;
			productReference = 2C6C31E019098B8500B3861B /* MiPrimerViewControllerTests.xctest */;
			productType = "com.apple.product-type.bundle.unit-test";
		};
/* End PBXNativeTarget section */

/* Begin PBXProject section */
		2C6C31B719098B8500B3861B /* Project object */ = {
			isa = PBXProject;
			attributes = {
				CLASSPREFIX = MPVC;
				LastUpgradeCheck = 0510;
				ORGANIZATIONNAME = elkraneoteach;
				TargetAttributes = {
					2C6C31DF19098B8500B3861B = {
						TestTargetID = 2C6C31BE19098B8500B3861B;
					};
				};
			};
			buildConfigurationList = 2C6C31BA19098B8500B3861B /* Build configuration list for PBXProject "MiPrimerViewController" */;
			compatibilityVersion = "Xcode 3.2";
			developmentRegion = English;
			hasScannedForEncodings = 0;
			knownRegions = (
				en,
				Base,
			);
			mainGroup = 2C6C31B619098B8500B3861B;
			productRefGroup = 2C6C31C019098B8500B3861B /* Products */;
			projectDirPath = "";
			projectRoot = "";
			targets = (
				2C6C31BE19098B8500B3861B /* MiPrimerViewController */,
				2C6C31DF19098B8500B3861B /* MiPrimerViewControllerTests */,
			);
		};
/* End PBXProject section */

/* Begin PBXResourcesBuildPhase section */
		2C6C31BD19098B8500B3861B /* Resources */ = {
			isa = PBXResourcesBuildPhase;
			buildActionMask = 2147483647;
			files = (
				2C6C31DB19098B8500B3861B /* Images.xcassets in Resources */,
				2C6C31CD19098B8500B3861B /* InfoPlist.strings in Resources */,
				2C6C31D619098B8500B3861B /* Main.storyboard in Resources */,
			);
			runOnlyForDeploymentPostprocessing = 0;
		};
		2C6C31DE19098B8500B3861B /* Resources */ = {
			isa = PBXResourcesBuildPhase;
			buildActionMask = 2147483647;
			files = (
				2C6C31EC19098B8500B3861B /* InfoPlist.strings in Resources */,
			);
			runOnlyForDeploymentPostprocessing = 0;
		};
/* End PBXResourcesBuildPhase section */

/* Begin PBXSourcesBuildPhase section */
		2C6C31BB19098B8500B3861B /* Sources */ = {
			isa = PBXSourcesBuildPhase;
			buildActionMask = 2147483647;
			files = (
				2C6C31D319098B8500B3861B /* MPVCAppDelegate.m in Sources */,
				2C6C31F919098DE000B3861B /* MPVCQuizViewController.m in Sources */,
				2C6C31CF19098B8500B3861B /* main.m in Sources */,
			);
			runOnlyForDeploymentPostprocessing = 0;
		};
		2C6C31DC19098B8500B3861B /* Sources */ = {
			isa = PBXSourcesBuildPhase;
			buildActionMask = 2147483647;
			files = (
				2C6C31EE19098B8500B3861B /* MiPrimerViewControllerTests.m in Sources */,
			);
			runOnlyForDeploymentPostprocessing = 0;
		};
/* End PBXSourcesBuildPhase section */

/* Begin PBXTargetDependency section */
		2C6C31E619098B8500B3861B /* PBXTargetDependency */ = {
			isa = PBXTargetDependency;
			target = 2C6C31BE19098B8500B3861B /* MiPrimerViewController */;
			targetProxy = 2C6C31E519098B8500B3861B /* PBXContainerItemProxy */;
		};
/* End PBXTargetDependency section */

/* Begin PBXVariantGroup section */
		2C6C31CB19098B8500B3861B /* InfoPlist.strings */ = {
			isa = PBXVariantGroup;
			children = (
				2C6C31CC19098B8500B3861B /* en */,
			);
			name = InfoPlist.strings;
			sourceTree = "<group>";
		};
		2C6C31D419098B8500B3861B /* Main.storyboard */ = {
			isa = PBXVariantGroup;
			children = (
				2C6C31D519098B8500B3861B /* Base */,
			);
			name = Main.storyboard;
			sourceTree = "<group>";
		};
		2C6C31EA19098B8500B3861B /* InfoPlist.strings */ = {
			isa = PBXVariantGroup;
			children = (
				2C6C31EB19098B8500B3861B /* en */,
			);
			name = InfoPlist.strings;
			sourceTree = "<group>";
		};
/* End PBXVariantGroup section */

/* Begin XCBuildConfiguration section */
		2C6C31EF19098B8500B3861B /* Debug */ = {
			isa = XCBuildConfiguration;
			buildSettings = {
				ALWAYS_SEARCH_USER_PATHS = NO;
				CLANG_CXX_LANGUAGE_STANDARD = "gnu++0x";
				CLANG_CXX_LIBRARY = "libc++";
				CLANG_ENABLE_MODULES = YES;
				CLANG_ENABLE_OBJC_ARC = YES;
				CLANG_WARN_BOOL_CONVERSION = YES;
				CLANG_WARN_CONSTANT_CONVERSION = YES;
				CLANG_WARN_DIRECT_OBJC_ISA_USAGE = YES_ERROR;
				CLANG_WARN_EMPTY_BODY = YES;
				CLANG_WARN_ENUM_CONVERSION = YES;
				CLANG_WARN_INT_CONVERSION = YES;
				CLANG_WARN_OBJC_ROOT_CLASS = YES_ERROR;
				CLANG_WARN__DUPLICATE_METHOD_MATCH = YES;
				"CODE_SIGN_IDENTITY[sdk=iphoneos*]" = "iPhone Developer";
				COPY_PHASE_STRIP = NO;
				GCC_C_LANGUAGE_STANDARD = gnu99;
				GCC_DYNAMIC_NO_PIC = NO;
				GCC_OPTIMIZATION_LEVEL = 0;
				GCC_PREPROCESSOR_DEFINITIONS = (
					"DEBUG=1",
					"$(inherited)",
				);
				GCC_SYMBOLS_PRIVATE_EXTERN = NO;
				GCC_WARN_64_TO_32_BIT_CONVERSION = YES;
				GCC_WARN_ABOUT_RETURN_TYPE = YES_ERROR;
				GCC_WARN_UNDECLARED_SELECTOR = YES;
				GCC_WARN_UNINITIALIZED_AUTOS = YES_AGGRESSIVE;
				GCC_WARN_UNUSED_FUNCTION = YES;
				GCC_WARN_UNUSED_VARIABLE = YES;
				IPHONEOS_DEPLOYMENT_TARGET = 7.1;
				ONLY_ACTIVE_ARCH = YES;
				SDKROOT = iphoneos;
			};
			name = Debug;
		};
		2C6C31F019098B8500B3861B /* Release */ = {
			isa = XCBuildConfiguration;
			buildSettings = {
				ALWAYS_SEARCH_USER_PATHS = NO;
				CLANG_CXX_LANGUAGE_STANDARD = "gnu++0x";
				CLANG_CXX_LIBRARY = "libc++";
				CLANG_ENABLE_MODULES = YES;
				CLANG_ENABLE_OBJC_ARC = YES;
				CLANG_WARN_BOOL_CONVERSION = YES;
				CLANG_WARN_CONSTANT_CONVERSION = YES;
				CLANG_WARN_DIRECT_OBJC_ISA_USAGE = YES_ERROR;
				CLANG_WARN_EMPTY_BODY = YES;
				CLANG_WARN_ENUM_CONVERSION = YES;
				CLANG_WARN_INT_CONVERSION = YES;
				CLANG_WARN_OBJC_ROOT_CLASS = YES_ERROR;
				CLANG_WARN__DUPLICATE_METHOD_MATCH = YES;
				"CODE_SIGN_IDENTITY[sdk=iphoneos*]" = "iPhone Developer";
				COPY_PHASE_STRIP = YES;
				ENABLE_NS_ASSERTIONS = NO;
				GCC_C_LANGUAGE_STANDARD = gnu99;
				GCC_WARN_64_TO_32_BIT_CONVERSION = YES;
				GCC_WARN_ABOUT_RETURN_TYPE = YES_ERROR;
				GCC_WARN_UNDECLARED_SELECTOR = YES;
				GCC_WARN_UNINITIALIZED_AUTOS = YES_AGGRESSIVE;
				GCC_WARN_UNUSED_FUNCTION = YES;
				GCC_WARN_UNUSED_VARIABLE = YES;
				IPHONEOS_DEPLOYMENT_TARGET = 7.1;
				SDKROOT = iphoneos;
				VALIDATE_PRODUCT = YES;
			};
			name = Release;
		};
		2C6C31F219098B8500B3861B /* Debug */ = {
			isa = XCBuildConfiguration;
			buildSettings = {
				ASSETCATALOG_COMPILER_APPICON_NAME = AppIcon;
				ASSETCATALOG_COMPILER_LAUNCHIMAGE_NAME = LaunchImage;
				GCC_PRECOMPILE_PREFIX_HEADER = YES;
				GCC_PREFIX_HEADER = "MiPrimerViewController/MiPrimerViewController-Prefix.pch";
				INFOPLIST_FILE = "MiPrimerViewController/MiPrimerViewController-Info.plist";
				PRODUCT_NAME = "$(TARGET_NAME)";
				WRAPPER_EXTENSION = app;
			};
			name = Debug;
		};
		2C6C31F319098B8500B3861B /* Release */ = {
			isa = XCBuildConfiguration;
			buildSettings = {
				ASSETCATALOG_COMPILER_APPICON_NAME = AppIcon;
				ASSETCATALOG_COMPILER_LAUNCHIMAGE_NAME = LaunchImage;
				GCC_PRECOMPILE_PREFIX_HEADER = YES;
				GCC_PREFIX_HEADER = "MiPrimerViewController/MiPrimerViewController-Prefix.pch";
				INFOPLIST_FILE = "MiPrimerViewController/MiPrimerViewController-Info.plist";
				PRODUCT_NAME = "$(TARGET_NAME)";
				WRAPPER_EXTENSION = app;
			};
			name = Release;
		};
		2C6C31F519098B8500B3861B /* Debug */ = {
			isa = XCBuildConfiguration;
			buildSettings = {
				BUNDLE_LOADER = "$(BUILT_PRODUCTS_DIR)/MiPrimerViewController.app/MiPrimerViewController";
				FRAMEWORK_SEARCH_PATHS = (
					"$(SDKROOT)/Developer/Library/Frameworks",
					"$(inherited)",
					"$(DEVELOPER_FRAMEWORKS_DIR)",
				);
				GCC_PRECOMPILE_PREFIX_HEADER = YES;
				GCC_PREFIX_HEADER = "MiPrimerViewController/MiPrimerViewController-Prefix.pch";
				GCC_PREPROCESSOR_DEFINITIONS = (
					"DEBUG=1",
					"$(inherited)",
				);
				INFOPLIST_FILE = "MiPrimerViewControllerTests/MiPrimerViewControllerTests-Info.plist";
				PRODUCT_NAME = "$(TARGET_NAME)";
				TEST_HOST = "$(BUNDLE_LOADER)";
				WRAPPER_EXTENSION = xctest;
			};
			name = Debug;
		};
		2C6C31F619098B8500B3861B /* Release */ = {
			isa = XCBuildConfiguration;
			buildSettings = {
				BUNDLE_LOADER = "$(BUILT_PRODUCTS_DIR)/MiPrimerViewController.app/MiPrimerViewController";
				FRAMEWORK_SEARCH_PATHS = (
					"$(SDKROOT)/Developer/Library/Frameworks",
					"$(inherited)",
					"$(DEVELOPER_FRAMEWORKS_DIR)",
				);
				GCC_PRECOMPILE_PREFIX_HEADER = YES;
				GCC_PREFIX_HEADER = "MiPrimerViewController/MiPrimerViewController-Prefix.pch";
				INFOPLIST_FILE = "MiPrimerViewControllerTests/MiPrimerViewControllerTests-Info.plist";
				PRODUCT_NAME = "$(TARGET_NAME)";
				TEST_HOST = "$(BUNDLE_LOADER)";
				WRAPPER_EXTENSION = xctest;
			};
			name = Release;
		};
/* End XCBuildConfiguration section */

/* Begin XCConfigurationList section */
		2C6C31BA19098B8500B3861B /* Build configuration list for PBXProject "MiPrimerViewController" */ = {
			isa = XCConfigurationList;
			buildConfigurations = (
				2C6C31EF19098B8500B3861B /* Debug */,
				2C6C31F019098B8500B3861B /* Release */,
			);
			defaultConfigurationIsVisible = 0;
			defaultConfigurationName = Release;
		};
		2C6C31F119098B8500B3861B /* Build configuration list for PBXNativeTarget "MiPrimerViewController" */ = {
			isa = XCConfigurationList;
			buildConfigurations = (
				2C6C31F219098B8500B3861B /* Debug */,
				2C6C31F319098B8500B3861B /* Release */,
			);
			defaultConfigurationIsVisible = 0;
		};
		2C6C31F419098B8500B3861B /* Build configuration list for PBXNativeTarget "MiPrimerViewControllerTests" */ = {
			isa = XCConfigurationList;
			buildConfigurations = (
				2C6C31F519098B8500B3861B /* Debug */,
				2C6C31F619098B8500B3861B /* Release */,
			);
			defaultConfigurationIsVisible = 0;
		};
/* End XCConfigurationList section */
	};
	rootObject = 2C6C31B719098B8500B3861B /* Project object */;
}
