// !$*UTF8*$!
{
	archiveVersion = 1;
	classes = {
	};
	objectVersion = 46;
	objects = {

/* Begin PBXBuildFile section */
		2C0D72D01947940C00981815 /* main.m in Sources */ = {isa = PBXBuildFile; fileRef = 2C0D72CF1947940C00981815 /* main.m */; };
		2C0D72D31947940C00981815 /* AppDelegate.m in Sources */ = {isa = PBXBuildFile; fileRef = 2C0D72D21947940C00981815 /* AppDelegate.m */; };
		2C0D72D51947940C00981815 /* Images.xcassets in Resources */ = {isa = PBXBuildFile; fileRef = 2C0D72D41947940C00981815 /* Images.xcassets */; };
		2C0D72E11947940D00981815 /* TouchTrackerTests.m in Sources */ = {isa = PBXBuildFile; fileRef = 2C0D72E01947940D00981815 /* TouchTrackerTests.m */; };
		2C0D72EC1947942600981815 /* MWLine.m in Sources */ = {isa = PBXBuildFile; fileRef = 2C0D72EB1947942600981815 /* MWLine.m */; };
		2C0D72EF194794DE00981815 /* MWDrawViewController.m in Sources */ = {isa = PBXBuildFile; fileRef = 2C0D72EE194794DE00981815 /* MWDrawViewController.m */; };
		2C0D72F21947955D00981815 /* MWDrawView.m in Sources */ = {isa = PBXBuildFile; fileRef = 2C0D72F11947955D00981815 /* MWDrawView.m */; };
/* End PBXBuildFile section */

/* Begin PBXContainerItemProxy section */
		2C0D72DB1947940D00981815 /* PBXContainerItemProxy */ = {
			isa = PBXContainerItemProxy;
			containerPortal = 2C0D72C21947940C00981815 /* Project object */;
			proxyType = 1;
			remoteGlobalIDString = 2C0D72C91947940C00981815;
			remoteInfo = TouchTracker;
		};
/* End PBXContainerItemProxy section */

/* Begin PBXFileReference section */
		2C0D72CA1947940C00981815 /* TouchTracker.app */ = {isa = PBXFileReference; explicitFileType = wrapper.application; includeInIndex = 0; path = TouchTracker.app; sourceTree = BUILT_PRODUCTS_DIR; };
		2C0D72CE1947940C00981815 /* Info.plist */ = {isa = PBXFileReference; lastKnownFileType = text.plist.xml; path = Info.plist; sourceTree = "<group>"; };
		2C0D72CF1947940C00981815 /* main.m */ = {isa = PBXFileReference; lastKnownFileType = sourcecode.c.objc; path = main.m; sourceTree = "<group>"; };
		2C0D72D11947940C00981815 /* AppDelegate.h */ = {isa = PBXFileReference; lastKnownFileType = sourcecode.c.h; path = AppDelegate.h; sourceTree = "<group>"; };
		2C0D72D21947940C00981815 /* AppDelegate.m */ = {isa = PBXFileReference; lastKnownFileType = sourcecode.c.objc; path = AppDelegate.m; sourceTree = "<group>"; };
		2C0D72D41947940C00981815 /* Images.xcassets */ = {isa = PBXFileReference; lastKnownFileType = folder.assetcatalog; path = Images.xcassets; sourceTree = "<group>"; };
		2C0D72DA1947940D00981815 /* TouchTrackerTests.xctest */ = {isa = PBXFileReference; explicitFileType = wrapper.cfbundle; includeInIndex = 0; path = TouchTrackerTests.xctest; sourceTree = BUILT_PRODUCTS_DIR; };
		2C0D72DF1947940D00981815 /* Info.plist */ = {isa = PBXFileReference; lastKnownFileType = text.plist.xml; path = Info.plist; sourceTree = "<group>"; };
		2C0D72E01947940D00981815 /* TouchTrackerTests.m */ = {isa = PBXFileReference; lastKnownFileType = sourcecode.c.objc; path = TouchTrackerTests.m; sourceTree = "<group>"; };
		2C0D72EA1947942600981815 /* MWLine.h */ = {isa = PBXFileReference; fileEncoding = 4; lastKnownFileType = sourcecode.c.h; path = MWLine.h; sourceTree = "<group>"; };
		2C0D72EB1947942600981815 /* MWLine.m */ = {isa = PBXFileReference; fileEncoding = 4; lastKnownFileType = sourcecode.c.objc; path = MWLine.m; sourceTree = "<group>"; };
		2C0D72ED194794DE00981815 /* MWDrawViewController.h */ = {isa = PBXFileReference; fileEncoding = 4; lastKnownFileType = sourcecode.c.h; path = MWDrawViewController.h; sourceTree = "<group>"; };
		2C0D72EE194794DE00981815 /* MWDrawViewController.m */ = {isa = PBXFileReference; fileEncoding = 4; lastKnownFileType = sourcecode.c.objc; path = MWDrawViewController.m; sourceTree = "<group>"; };
		2C0D72F01947955D00981815 /* MWDrawView.h */ = {isa = PBXFileReference; fileEncoding = 4; lastKnownFileType = sourcecode.c.h; path = MWDrawView.h; sourceTree = "<group>"; };
		2C0D72F11947955D00981815 /* MWDrawView.m */ = {isa = PBXFileReference; fileEncoding = 4; lastKnownFileType = sourcecode.c.objc; path = MWDrawView.m; sourceTree = "<group>"; };
/* End PBXFileReference section */

/* Begin PBXFrameworksBuildPhase section */
		2C0D72C71947940C00981815 /* Frameworks */ = {
			isa = PBXFrameworksBuildPhase;
			buildActionMask = 2147483647;
			files = (
			);
			runOnlyForDeploymentPostprocessing = 0;
		};
		2C0D72D71947940D00981815 /* Frameworks */ = {
			isa = PBXFrameworksBuildPhase;
			buildActionMask = 2147483647;
			files = (
			);
			runOnlyForDeploymentPostprocessing = 0;
		};
/* End PBXFrameworksBuildPhase section */

/* Begin PBXGroup section */
		2C0D72C11947940C00981815 = {
			isa = PBXGroup;
			children = (
				2C0D72CC1947940C00981815 /* TouchTracker */,
				2C0D72DD1947940D00981815 /* TouchTrackerTests */,
				2C0D72CB1947940C00981815 /* Products */,
			);
			sourceTree = "<group>";
		};
		2C0D72CB1947940C00981815 /* Products */ = {
			isa = PBXGroup;
			children = (
				2C0D72CA1947940C00981815 /* TouchTracker.app */,
				2C0D72DA1947940D00981815 /* TouchTrackerTests.xctest */,
			);
			name = Products;
			sourceTree = "<group>";
		};
		2C0D72CC1947940C00981815 /* TouchTracker */ = {
			isa = PBXGroup;
			children = (
				2C0D72D11947940C00981815 /* AppDelegate.h */,
				2C0D72D21947940C00981815 /* AppDelegate.m */,
				2C0D72D41947940C00981815 /* Images.xcassets */,
				2C0D72F01947955D00981815 /* MWDrawView.h */,
				2C0D72F11947955D00981815 /* MWDrawView.m */,
				2C0D72ED194794DE00981815 /* MWDrawViewController.h */,
				2C0D72EE194794DE00981815 /* MWDrawViewController.m */,
				2C0D72EA1947942600981815 /* MWLine.h */,
				2C0D72EB1947942600981815 /* MWLine.m */,
				2C0D72CD1947940C00981815 /* Supporting Files */,
			);
			path = TouchTracker;
			sourceTree = "<group>";
		};
		2C0D72CD1947940C00981815 /* Supporting Files */ = {
			isa = PBXGroup;
			children = (
				2C0D72CE1947940C00981815 /* Info.plist */,
				2C0D72CF1947940C00981815 /* main.m */,
			);
			name = "Supporting Files";
			sourceTree = "<group>";
		};
		2C0D72DD1947940D00981815 /* TouchTrackerTests */ = {
			isa = PBXGroup;
			children = (
				2C0D72E01947940D00981815 /* TouchTrackerTests.m */,
				2C0D72DE1947940D00981815 /* Supporting Files */,
			);
			path = TouchTrackerTests;
			sourceTree = "<group>";
		};
		2C0D72DE1947940D00981815 /* Supporting Files */ = {
			isa = PBXGroup;
			children = (
				2C0D72DF1947940D00981815 /* Info.plist */,
			);
			name = "Supporting Files";
			sourceTree = "<group>";
		};
/* End PBXGroup section */

/* Begin PBXNativeTarget section */
		2C0D72C91947940C00981815 /* TouchTracker */ = {
			isa = PBXNativeTarget;
			buildConfigurationList = 2C0D72E41947940D00981815 /* Build configuration list for PBXNativeTarget "TouchTracker" */;
			buildPhases = (
				2C0D72C61947940C00981815 /* Sources */,
				2C0D72C71947940C00981815 /* Frameworks */,
				2C0D72C81947940C00981815 /* Resources */,
			);
			buildRules = (
			);
			dependencies = (
			);
			name = TouchTracker;
			productName = TouchTracker;
			productReference = 2C0D72CA1947940C00981815 /* TouchTracker.app */;
			productType = "com.apple.product-type.application";
		};
		2C0D72D91947940D00981815 /* TouchTrackerTests */ = {
			isa = PBXNativeTarget;
			buildConfigurationList = 2C0D72E71947940D00981815 /* Build configuration list for PBXNativeTarget "TouchTrackerTests" */;
			buildPhases = (
				2C0D72D61947940D00981815 /* Sources */,
				2C0D72D71947940D00981815 /* Frameworks */,
				2C0D72D81947940D00981815 /* Resources */,
			);
			buildRules = (
			);
			dependencies = (
				2C0D72DC1947940D00981815 /* PBXTargetDependency */,
			);
			name = TouchTrackerTests;
			productName = TouchTrackerTests;
			productReference = 2C0D72DA1947940D00981815 /* TouchTrackerTests.xctest */;
			productType = "com.apple.product-type.bundle.unit-test";
		};
/* End PBXNativeTarget section */

/* Begin PBXProject section */
		2C0D72C21947940C00981815 /* Project object */ = {
			isa = PBXProject;
			attributes = {
				LastUpgradeCheck = 0600;
				ORGANIZATIONNAME = metodowhite;
				TargetAttributes = {
					2C0D72C91947940C00981815 = {
						CreatedOnToolsVersion = 6.0;
					};
					2C0D72D91947940D00981815 = {
						CreatedOnToolsVersion = 6.0;
						TestTargetID = 2C0D72C91947940C00981815;
					};
				};
			};
			buildConfigurationList = 2C0D72C51947940C00981815 /* Build configuration list for PBXProject "TouchTracker" */;
			compatibilityVersion = "Xcode 3.2";
			developmentRegion = English;
			hasScannedForEncodings = 0;
			knownRegions = (
				en,
			);
			mainGroup = 2C0D72C11947940C00981815;
			productRefGroup = 2C0D72CB1947940C00981815 /* Products */;
			projectDirPath = "";
			projectRoot = "";
			targets = (
				2C0D72C91947940C00981815 /* TouchTracker */,
				2C0D72D91947940D00981815 /* TouchTrackerTests */,
			);
		};
/* End PBXProject section */

/* Begin PBXResourcesBuildPhase section */
		2C0D72C81947940C00981815 /* Resources */ = {
			isa = PBXResourcesBuildPhase;
			buildActionMask = 2147483647;
			files = (
				2C0D72D51947940C00981815 /* Images.xcassets in Resources */,
			);
			runOnlyForDeploymentPostprocessing = 0;
		};
		2C0D72D81947940D00981815 /* Resources */ = {
			isa = PBXResourcesBuildPhase;
			buildActionMask = 2147483647;
			files = (
			);
			runOnlyForDeploymentPostprocessing = 0;
		};
/* End PBXResourcesBuildPhase section */

/* Begin PBXSourcesBuildPhase section */
		2C0D72C61947940C00981815 /* Sources */ = {
			isa = PBXSourcesBuildPhase;
			buildActionMask = 2147483647;
			files = (
				2C0D72D31947940C00981815 /* AppDelegate.m in Sources */,
				2C0D72D01947940C00981815 /* main.m in Sources */,
				2C0D72EF194794DE00981815 /* MWDrawViewController.m in Sources */,
				2C0D72EC1947942600981815 /* MWLine.m in Sources */,
				2C0D72F21947955D00981815 /* MWDrawView.m in Sources */,
			);
			runOnlyForDeploymentPostprocessing = 0;
		};
		2C0D72D61947940D00981815 /* Sources */ = {
			isa = PBXSourcesBuildPhase;
			buildActionMask = 2147483647;
			files = (
				2C0D72E11947940D00981815 /* TouchTrackerTests.m in Sources */,
			);
			runOnlyForDeploymentPostprocessing = 0;
		};
/* End PBXSourcesBuildPhase section */

/* Begin PBXTargetDependency section */
		2C0D72DC1947940D00981815 /* PBXTargetDependency */ = {
			isa = PBXTargetDependency;
			target = 2C0D72C91947940C00981815 /* TouchTracker */;
			targetProxy = 2C0D72DB1947940D00981815 /* PBXContainerItemProxy */;
		};
/* End PBXTargetDependency section */

/* Begin XCBuildConfiguration section */
		2C0D72E21947940D00981815 /* Debug */ = {
			isa = XCBuildConfiguration;
			buildSettings = {
				ALWAYS_SEARCH_USER_PATHS = NO;
				CLANG_CXX_LANGUAGE_STANDARD = "gnu++0x";
				CLANG_CXX_LIBRARY = "libc++";
				CLANG_ENABLE_MODULES = YES;
				CLANG_ENABLE_OBJC_ARC = YES;
				CLANG_WARN_BOOL_CONVERSION = YES;
				CLANG_WARN_CONSTANT_CONVERSION = YES;
				CLANG_WARN_DIRECT_OBJC_ISA_USAGE = YES_ERROR;
				CLANG_WARN_EMPTY_BODY = YES;
				CLANG_WARN_ENUM_CONVERSION = YES;
				CLANG_WARN_INT_CONVERSION = YES;
				CLANG_WARN_OBJC_ROOT_CLASS = YES_ERROR;
				CLANG_WARN_UNREACHABLE_CODE = YES;
				CLANG_WARN__DUPLICATE_METHOD_MATCH = YES;
				"CODE_SIGN_IDENTITY[sdk=iphoneos*]" = "iPhone Developer";
				COPY_PHASE_STRIP = NO;
				ENABLE_STRICT_OBJC_MSGSEND = YES;
				GCC_C_LANGUAGE_STANDARD = gnu99;
				GCC_DYNAMIC_NO_PIC = NO;
				GCC_OPTIMIZATION_LEVEL = 0;
				GCC_PREPROCESSOR_DEFINITIONS = (
					"DEBUG=1",
					"$(inherited)",
				);
				GCC_SYMBOLS_PRIVATE_EXTERN = NO;
				GCC_WARN_64_TO_32_BIT_CONVERSION = YES;
				GCC_WARN_ABOUT_RETURN_TYPE = YES_ERROR;
				GCC_WARN_UNDECLARED_SELECTOR = YES;
				GCC_WARN_UNINITIALIZED_AUTOS = YES_AGGRESSIVE;
				GCC_WARN_UNUSED_FUNCTION = YES;
				GCC_WARN_UNUSED_VARIABLE = YES;
				IPHONEOS_DEPLOYMENT_TARGET = 8.0;
				METAL_ENABLE_DEBUG_INFO = YES;
				ONLY_ACTIVE_ARCH = YES;
				SDKROOT = iphoneos;
			};
			name = Debug;
		};
		2C0D72E31947940D00981815 /* Release */ = {
			isa = XCBuildConfiguration;
			buildSettings = {
				ALWAYS_SEARCH_USER_PATHS = NO;
				CLANG_CXX_LANGUAGE_STANDARD = "gnu++0x";
				CLANG_CXX_LIBRARY = "libc++";
				CLANG_ENABLE_MODULES = YES;
				CLANG_ENABLE_OBJC_ARC = YES;
				CLANG_WARN_BOOL_CONVERSION = YES;
				CLANG_WARN_CONSTANT_CONVERSION = YES;
				CLANG_WARN_DIRECT_OBJC_ISA_USAGE = YES_ERROR;
				CLANG_WARN_EMPTY_BODY = YES;
				CLANG_WARN_ENUM_CONVERSION = YES;
				CLANG_WARN_INT_CONVERSION = YES;
				CLANG_WARN_OBJC_ROOT_CLASS = YES_ERROR;
				CLANG_WARN_UNREACHABLE_CODE = YES;
				CLANG_WARN__DUPLICATE_METHOD_MATCH = YES;
				"CODE_SIGN_IDENTITY[sdk=iphoneos*]" = "iPhone Developer";
				COPY_PHASE_STRIP = YES;
				ENABLE_NS_ASSERTIONS = NO;
				ENABLE_STRICT_OBJC_MSGSEND = YES;
				GCC_C_LANGUAGE_STANDARD = gnu99;
				GCC_WARN_64_TO_32_BIT_CONVERSION = YES;
				GCC_WARN_ABOUT_RETURN_TYPE = YES_ERROR;
				GCC_WARN_UNDECLARED_SELECTOR = YES;
				GCC_WARN_UNINITIALIZED_AUTOS = YES_AGGRESSIVE;
				GCC_WARN_UNUSED_FUNCTION = YES;
				GCC_WARN_UNUSED_VARIABLE = YES;
				IPHONEOS_DEPLOYMENT_TARGET = 8.0;
				METAL_ENABLE_DEBUG_INFO = NO;
				SDKROOT = iphoneos;
				VALIDATE_PRODUCT = YES;
			};
			name = Release;
		};
		2C0D72E51947940D00981815 /* Debug */ = {
			isa = XCBuildConfiguration;
			buildSettings = {
				ASSETCATALOG_COMPILER_APPICON_NAME = AppIcon;
				ASSETCATALOG_COMPILER_LAUNCHIMAGE_NAME = LaunchImage;
				INFOPLIST_FILE = TouchTracker/Info.plist;
				IPHONEOS_DEPLOYMENT_TARGET = 7.1;
				LD_RUNPATH_SEARCH_PATHS = "$(inherited) @executable_path/Frameworks";
				PRODUCT_NAME = "$(TARGET_NAME)";
				TARGETED_DEVICE_FAMILY = "1,2";
			};
			name = Debug;
		};
		2C0D72E61947940D00981815 /* Release */ = {
			isa = XCBuildConfiguration;
			buildSettings = {
				ASSETCATALOG_COMPILER_APPICON_NAME = AppIcon;
				ASSETCATALOG_COMPILER_LAUNCHIMAGE_NAME = LaunchImage;
				INFOPLIST_FILE = TouchTracker/Info.plist;
				IPHONEOS_DEPLOYMENT_TARGET = 7.1;
				LD_RUNPATH_SEARCH_PATHS = "$(inherited) @executable_path/Frameworks";
				PRODUCT_NAME = "$(TARGET_NAME)";
				TARGETED_DEVICE_FAMILY = "1,2";
			};
			name = Release;
		};
		2C0D72E81947940D00981815 /* Debug */ = {
			isa = XCBuildConfiguration;
			buildSettings = {
				BUNDLE_LOADER = "$(BUILT_PRODUCTS_DIR)/TouchTracker.app/TouchTracker";
				FRAMEWORK_SEARCH_PATHS = (
					"$(SDKROOT)/Developer/Library/Frameworks",
					"$(inherited)",
				);
				GCC_PREPROCESSOR_DEFINITIONS = (
					"DEBUG=1",
					"$(inherited)",
				);
				INFOPLIST_FILE = TouchTrackerTests/Info.plist;
				LD_RUNPATH_SEARCH_PATHS = "$(inherited) @executable_path/Frameworks @loader_path/Frameworks";
				METAL_ENABLE_DEBUG_INFO = YES;
				PRODUCT_NAME = "$(TARGET_NAME)";
				TEST_HOST = "$(BUNDLE_LOADER)";
			};
			name = Debug;
		};
		2C0D72E91947940D00981815 /* Release */ = {
			isa = XCBuildConfiguration;
			buildSettings = {
				BUNDLE_LOADER = "$(BUILT_PRODUCTS_DIR)/TouchTracker.app/TouchTracker";
				FRAMEWORK_SEARCH_PATHS = (
					"$(SDKROOT)/Developer/Library/Frameworks",
					"$(inherited)",
				);
				INFOPLIST_FILE = TouchTrackerTests/Info.plist;
				LD_RUNPATH_SEARCH_PATHS = "$(inherited) @executable_path/Frameworks @loader_path/Frameworks";
				METAL_ENABLE_DEBUG_INFO = NO;
				PRODUCT_NAME = "$(TARGET_NAME)";
				TEST_HOST = "$(BUNDLE_LOADER)";
			};
			name = Release;
		};
/* End XCBuildConfiguration section */

/* Begin XCConfigurationList section */
		2C0D72C51947940C00981815 /* Build configuration list for PBXProject "TouchTracker" */ = {
			isa = XCConfigurationList;
			buildConfigurations = (
				2C0D72E21947940D00981815 /* Debug */,
				2C0D72E31947940D00981815 /* Release */,
			);
			defaultConfigurationIsVisible = 0;
			defaultConfigurationName = Release;
		};
		2C0D72E41947940D00981815 /* Build configuration list for PBXNativeTarget "TouchTracker" */ = {
			isa = XCConfigurationList;
			buildConfigurations = (
				2C0D72E51947940D00981815 /* Debug */,
				2C0D72E61947940D00981815 /* Release */,
			);
			defaultConfigurationIsVisible = 0;
			defaultConfigurationName = Release;
		};
		2C0D72E71947940D00981815 /* Build configuration list for PBXNativeTarget "TouchTrackerTests" */ = {
			isa = XCConfigurationList;
			buildConfigurations = (
				2C0D72E81947940D00981815 /* Debug */,
				2C0D72E91947940D00981815 /* Release */,
			);
			defaultConfigurationIsVisible = 0;
			defaultConfigurationName = Release;
		};
/* End XCConfigurationList section */
	};
	rootObject = 2C0D72C21947940C00981815 /* Project object */;
}
